// !$*UTF8*$!
{
	archiveVersion = 1;
	classes = {
	};
	objectVersion = 55;
	objects = {

/* Begin PBXBuildFile section */
		1F025CB028E12F2900AA866D /* Banner.swift in Sources */ = {isa = PBXBuildFile; fileRef = 1F025CAF28E12F2900AA866D /* Banner.swift */; };
		1F025CB228E133D800AA866D /* BannerCell.swift in Sources */ = {isa = PBXBuildFile; fileRef = 1F025CB128E133D800AA866D /* BannerCell.swift */; };
		1F025CB628E14D0E00AA866D /* questions.txt in Resources */ = {isa = PBXBuildFile; fileRef = 1F025CB528E14D0E00AA866D /* questions.txt */; };
		1F0B000128F5FD35007280FF /* FooterCell.swift in Sources */ = {isa = PBXBuildFile; fileRef = 1F0B000028F5FD35007280FF /* FooterCell.swift */; };
		1F0B000328F61D14007280FF /* Fonts_misc.swift in Sources */ = {isa = PBXBuildFile; fileRef = 1F0B000228F61D14007280FF /* Fonts_misc.swift */; };
		1F0BFFFF28F5F2C7007280FF /* MoreCell.swift in Sources */ = {isa = PBXBuildFile; fileRef = 1F0BFFFE28F5F2C7007280FF /* MoreCell.swift */; };
		1F106AEB2907186E004B9943 /* MainFeed_dataProvider.swift in Sources */ = {isa = PBXBuildFile; fileRef = 1F106AEA2907186E004B9943 /* MainFeed_dataProvider.swift */; };
		1F106AED29071E30004B9943 /* MainFeed_cellTaps.swift in Sources */ = {isa = PBXBuildFile; fileRef = 1F106AEC29071E30004B9943 /* MainFeed_cellTaps.swift */; };
		1F1788AB29363353003F528E /* MainFeedv2.swift in Sources */ = {isa = PBXBuildFile; fileRef = 1F1788AA29363353003F528E /* MainFeedv2.swift */; };
		1F18C88928F89EF600197F38 /* MenuItemCell.swift in Sources */ = {isa = PBXBuildFile; fileRef = 1F18C88828F89EF600197F38 /* MenuItemCell.swift */; };
		1F1A1A9C28D27D3100256785 /* StringExtension.swift in Sources */ = {isa = PBXBuildFile; fileRef = 1F1A1A9B28D27D3100256785 /* StringExtension.swift */; };
		1F22E2E328C64BA4007F00D1 /* FloatingButton.swift in Sources */ = {isa = PBXBuildFile; fileRef = 1F22E2E228C64BA4007F00D1 /* FloatingButton.swift */; };
		1F22E2E528C6590F007F00D1 /* UILabelExtension.swift in Sources */ = {isa = PBXBuildFile; fileRef = 1F22E2E428C6590F007F00D1 /* UILabelExtension.swift */; };
		1F22E2E728C65CF4007F00D1 /* DisplayMode.swift in Sources */ = {isa = PBXBuildFile; fileRef = 1F22E2E628C65CF4007F00D1 /* DisplayMode.swift */; };
		1F22E2E928C6E41A007F00D1 /* MenuViewController.swift in Sources */ = {isa = PBXBuildFile; fileRef = 1F22E2E828C6E41A007F00D1 /* MenuViewController.swift */; };
		1F22E2EB28C6E5E0007F00D1 /* UINavigationControllerExtension.swift in Sources */ = {isa = PBXBuildFile; fileRef = 1F22E2EA28C6E5E0007F00D1 /* UINavigationControllerExtension.swift */; };
		1F2306BC291987D600755D71 /* OnOffView.swift in Sources */ = {isa = PBXBuildFile; fileRef = 1F2306BB291987D600755D71 /* OnOffView.swift */; };
		1F23DABB28ECAE4D009D9AB1 /* MainFeed_collectionView.swift in Sources */ = {isa = PBXBuildFile; fileRef = 1F23DABA28ECAE4D009D9AB1 /* MainFeed_collectionView.swift */; };
		1F2D9FD428D36F6A00CE3008 /* ArticleWT_cell.swift in Sources */ = {isa = PBXBuildFile; fileRef = 1F2D9FD328D36F6A00CE3008 /* ArticleWT_cell.swift */; };
		1F2D9FD628D386B600CE3008 /* StoryWT_cell.swift in Sources */ = {isa = PBXBuildFile; fileRef = 1F2D9FD528D386B600CE3008 /* StoryWT_cell.swift */; };
		1F36FB0228EBF0E0002A54BC /* CGRectExtension.swift in Sources */ = {isa = PBXBuildFile; fileRef = 1F36FB0128EBF0E0002A54BC /* CGRectExtension.swift */; };
		1F39574F28DCDE8900DE3C07 /* CustomCollectionView.swift in Sources */ = {isa = PBXBuildFile; fileRef = 1F39574E28DCDE8900DE3C07 /* CustomCollectionView.swift */; };
		1F3E5E3C292FC2BF00FA090B /* SourceFilterViewController.swift in Sources */ = {isa = PBXBuildFile; fileRef = 1F3E5E3B292FC2BF00FA090B /* SourceFilterViewController.swift */; };
		1F3E5E3E292FD24E00FA090B /* FilterTextView.swift in Sources */ = {isa = PBXBuildFile; fileRef = 1F3E5E3D292FD24E00FA090B /* FilterTextView.swift */; };
		1F47CD8D290F5476003F0003 /* StoryCT_cell.swift in Sources */ = {isa = PBXBuildFile; fileRef = 1F47CD8C290F5476003F0003 /* StoryCT_cell.swift */; };
		1F47CD8F290F5683003F0003 /* ArticleCT_cell.swift in Sources */ = {isa = PBXBuildFile; fileRef = 1F47CD8E290F5683003F0003 /* ArticleCT_cell.swift */; };
		1F70BE6D2913F4F70061E3FA /* PreferencesViewController.swift in Sources */ = {isa = PBXBuildFile; fileRef = 1F70BE6C2913F4F70061E3FA /* PreferencesViewController.swift */; };
		1F70BE6F2913FBD50061E3FA /* SearchViewController.swift in Sources */ = {isa = PBXBuildFile; fileRef = 1F70BE6E2913FBD50061E3FA /* SearchViewController.swift */; };
		1F70BE712913FD940061E3FA /* SearchTextView.swift in Sources */ = {isa = PBXBuildFile; fileRef = 1F70BE702913FD940061E3FA /* SearchTextView.swift */; };
		1F70BE74291457B70061E3FA /* Search_topics.swift in Sources */ = {isa = PBXBuildFile; fileRef = 1F70BE73291457B70061E3FA /* Search_topics.swift */; };
		1F897CE328CC322900438FC5 /* Sources.swift in Sources */ = {isa = PBXBuildFile; fileRef = 1F897CE228CC322900438FC5 /* Sources.swift */; };
		1F897CE628CC380600438FC5 /* Json_misc.swift in Sources */ = {isa = PBXBuildFile; fileRef = 1F897CE528CC380600438FC5 /* Json_misc.swift */; };
		1F897CE828CC3B0F00438FC5 /* UI_misc.swift in Sources */ = {isa = PBXBuildFile; fileRef = 1F897CE728CC3B0F00438FC5 /* UI_misc.swift */; };
		1F897CF328CC4C4300438FC5 /* wapo.png in Resources */ = {isa = PBXBuildFile; fileRef = 1F897CEA28CC4C4300438FC5 /* wapo.png */; };
		1F897CF428CC4C4300438FC5 /* propublica.png in Resources */ = {isa = PBXBuildFile; fileRef = 1F897CEB28CC4C4300438FC5 /* propublica.png */; };
		1F897CF528CC4C4300438FC5 /* guardian.png in Resources */ = {isa = PBXBuildFile; fileRef = 1F897CEC28CC4C4300438FC5 /* guardian.png */; };
		1F897CF628CC4C4300438FC5 /* cbs.png in Resources */ = {isa = PBXBuildFile; fileRef = 1F897CED28CC4C4300438FC5 /* cbs.png */; };
		1F897CF728CC4C4300438FC5 /* aljazeera.png in Resources */ = {isa = PBXBuildFile; fileRef = 1F897CEE28CC4C4300438FC5 /* aljazeera.png */; };
		1F897CF828CC4C4300438FC5 /* breitbart.png in Resources */ = {isa = PBXBuildFile; fileRef = 1F897CEF28CC4C4300438FC5 /* breitbart.png */; };
		1F897CF928CC4C4300438FC5 /* wsj.png in Resources */ = {isa = PBXBuildFile; fileRef = 1F897CF028CC4C4300438FC5 /* wsj.png */; };
		1F897CFA28CC4C4300438FC5 /* slate.png in Resources */ = {isa = PBXBuildFile; fileRef = 1F897CF128CC4C4300438FC5 /* slate.png */; };
		1F897CFB28CC4C4300438FC5 /* reuters.png in Resources */ = {isa = PBXBuildFile; fileRef = 1F897CF228CC4C4300438FC5 /* reuters.png */; };
		1F8EAED029085FE30015F6F6 /* BreadcrumbsView.swift in Sources */ = {isa = PBXBuildFile; fileRef = 1F8EAECF29085FE30015F6F6 /* BreadcrumbsView.swift */; };
		1F90104728C583D600A5BDC9 /* LocalKeys.swift in Sources */ = {isa = PBXBuildFile; fileRef = 1F90104628C583D600A5BDC9 /* LocalKeys.swift */; };
		1F90105228C598DA00A5BDC9 /* Roboto-Regular.ttf in Resources */ = {isa = PBXBuildFile; fileRef = 1F90105128C597C200A5BDC9 /* Roboto-Regular.ttf */; };
		1F90105628C5997900A5BDC9 /* Roboto-Bold.ttf in Resources */ = {isa = PBXBuildFile; fileRef = 1F90105528C5997900A5BDC9 /* Roboto-Bold.ttf */; };
		1F90105828C599DC00A5BDC9 /* UIColorExtension.swift in Sources */ = {isa = PBXBuildFile; fileRef = 1F90105728C599DC00A5BDC9 /* UIColorExtension.swift */; };
		1F90105C28C5ADE700A5BDC9 /* UIImageExtension.swift in Sources */ = {isa = PBXBuildFile; fileRef = 1F90105B28C5ADE700A5BDC9 /* UIImageExtension.swift */; };
		1F90105E28C5B2A300A5BDC9 /* Notifications.swift in Sources */ = {isa = PBXBuildFile; fileRef = 1F90105D28C5B2A300A5BDC9 /* Notifications.swift */; };
		1F94AC5428EDF420003BB1EF /* CustomFlowLayout.swift in Sources */ = {isa = PBXBuildFile; fileRef = 1F94AC5328EDF420003BB1EF /* CustomFlowLayout.swift */; };
		1F94CDC928F494A400135C7A /* next.txt in Resources */ = {isa = PBXBuildFile; fileRef = 1F94CDC828F494A400135C7A /* next.txt */; };
		1F95134128BFB92E00A77AB6 /* AppDelegate.swift in Sources */ = {isa = PBXBuildFile; fileRef = 1F95134028BFB92E00A77AB6 /* AppDelegate.swift */; };
		1F95134328BFB92E00A77AB6 /* SceneDelegate.swift in Sources */ = {isa = PBXBuildFile; fileRef = 1F95134228BFB92E00A77AB6 /* SceneDelegate.swift */; };
		1F95134828BFB92E00A77AB6 /* Main.storyboard in Resources */ = {isa = PBXBuildFile; fileRef = 1F95134628BFB92E00A77AB6 /* Main.storyboard */; };
		1F95134A28BFB92F00A77AB6 /* Assets.xcassets in Resources */ = {isa = PBXBuildFile; fileRef = 1F95134928BFB92F00A77AB6 /* Assets.xcassets */; };
		1F95134D28BFB92F00A77AB6 /* LaunchScreen.storyboard in Resources */ = {isa = PBXBuildFile; fileRef = 1F95134B28BFB92F00A77AB6 /* LaunchScreen.storyboard */; };
		1F95135828BFB9D300A77AB6 /* url notes.txt in Resources */ = {isa = PBXBuildFile; fileRef = 1F95135728BFB9D300A77AB6 /* url notes.txt */; };
		1F95135E28BFC4D300A77AB6 /* to-do.txt in Resources */ = {isa = PBXBuildFile; fileRef = 1F95135D28BFC4D300A77AB6 /* to-do.txt */; };
		1F95136128BFC64300A77AB6 /* CustomNavController.swift in Sources */ = {isa = PBXBuildFile; fileRef = 1F95136028BFC64300A77AB6 /* CustomNavController.swift */; };
		1F95136328BFC69200A77AB6 /* MainFeedViewController.swift in Sources */ = {isa = PBXBuildFile; fileRef = 1F95136228BFC69200A77AB6 /* MainFeedViewController.swift */; };
		1F95136628BFCB2800A77AB6 /* my references.txt in Resources */ = {isa = PBXBuildFile; fileRef = 1F95136528BFCB2800A77AB6 /* my references.txt */; };
		1F9538D828FF123800251598 /* to-do.plist in Resources */ = {isa = PBXBuildFile; fileRef = 1F9538D728FF123800251598 /* to-do.plist */; };
		1F9538DA28FF134800251598 /* done.plist in Resources */ = {isa = PBXBuildFile; fileRef = 1F9538D928FF134800251598 /* done.plist */; };
		1F9538DC28FF337A00251598 /* StancePopupView.swift in Sources */ = {isa = PBXBuildFile; fileRef = 1F9538DB28FF337A00251598 /* StancePopupView.swift */; };
		1F9538DE28FF387800251598 /* Merriweather-Regular.ttf in Resources */ = {isa = PBXBuildFile; fileRef = 1F9538DD28FF387800251598 /* Merriweather-Regular.ttf */; };
		1FA1728628D2AF6E00693B85 /* StanceIconView.swift in Sources */ = {isa = PBXBuildFile; fileRef = 1FA1728528D2AF6E00693B85 /* StanceIconView.swift */; };
		1FA1728828D2B7AC00693B85 /* IntExtension.swift in Sources */ = {isa = PBXBuildFile; fileRef = 1FA1728728D2B7AC00693B85 /* IntExtension.swift */; };
		1FA1728A28D2BD3F00693B85 /* CGFloatExtension.swift in Sources */ = {isa = PBXBuildFile; fileRef = 1FA1728928D2BD3F00693B85 /* CGFloatExtension.swift */; };
		1FA4CE6228C282A00068DE4A /* misc.txt in Resources */ = {isa = PBXBuildFile; fileRef = 1FA4CE6128C282A00068DE4A /* misc.txt */; };
		1FA4CE6528C2865B0068DE4A /* Utils.swift in Sources */ = {isa = PBXBuildFile; fileRef = 1FA4CE6428C2865B0068DE4A /* Utils.swift */; };
		1FA4CE6828C286F40068DE4A /* MainFeed.swift in Sources */ = {isa = PBXBuildFile; fileRef = 1FA4CE6728C286F40068DE4A /* MainFeed.swift */; };
		1FA4CE6A28C2874E0068DE4A /* BaseViewController.swift in Sources */ = {isa = PBXBuildFile; fileRef = 1FA4CE6928C2874E0068DE4A /* BaseViewController.swift */; };
		1FA4CE6D28C2D39F0068DE4A /* UIDeviceExtension.swift in Sources */ = {isa = PBXBuildFile; fileRef = 1FA4CE6C28C2D39F0068DE4A /* UIDeviceExtension.swift */; };
		1FA4CE6F28C2D47F0068DE4A /* BundleExtension.swift in Sources */ = {isa = PBXBuildFile; fileRef = 1FA4CE6E28C2D47F0068DE4A /* BundleExtension.swift */; };
		1FA4CE7128C2D5460068DE4A /* UUID.swift in Sources */ = {isa = PBXBuildFile; fileRef = 1FA4CE7028C2D5460068DE4A /* UUID.swift */; };
		1FA4CE7328C2DDFD0068DE4A /* ErrorExtension.swift in Sources */ = {isa = PBXBuildFile; fileRef = 1FA4CE7228C2DDFD0068DE4A /* ErrorExtension.swift */; };
		1FA4CE7528C306590068DE4A /* UIViewExtension.swift in Sources */ = {isa = PBXBuildFile; fileRef = 1FA4CE7428C306590068DE4A /* UIViewExtension.swift */; };
		1FA4CE7728C3DAEE0068DE4A /* LoadingView.swift in Sources */ = {isa = PBXBuildFile; fileRef = 1FA4CE7628C3DAEE0068DE4A /* LoadingView.swift */; };
		1FA4CE7928C3DCFB0068DE4A /* SlidersPanel.swift in Sources */ = {isa = PBXBuildFile; fileRef = 1FA4CE7828C3DCFB0068DE4A /* SlidersPanel.swift */; };
		1FA8AA3228D0D29000B6C956 /* DP_item.swift in Sources */ = {isa = PBXBuildFile; fileRef = 1FA8AA3128D0D29000B6C956 /* DP_item.swift */; };
		1FA8AA3428D0D50200B6C956 /* HeaderCell.swift in Sources */ = {isa = PBXBuildFile; fileRef = 1FA8AA3328D0D50200B6C956 /* HeaderCell.swift */; };
		1FA8AA3628D0E3F500B6C956 /* ArticleWI_cell.swift in Sources */ = {isa = PBXBuildFile; fileRef = 1FA8AA3528D0E3F500B6C956 /* ArticleWI_cell.swift */; };
		1FA8AA3828D1778F00B6C956 /* SourceIcons.swift in Sources */ = {isa = PBXBuildFile; fileRef = 1FA8AA3728D1778F00B6C956 /* SourceIcons.swift */; };
		1FD2340429155F1700B85AE9 /* MenuView.swift in Sources */ = {isa = PBXBuildFile; fileRef = 1FD2340329155F1700B85AE9 /* MenuView.swift */; };
		1FD23406291565F100B85AE9 /* MenuView_misc.swift in Sources */ = {isa = PBXBuildFile; fileRef = 1FD23405291565F100B85AE9 /* MenuView_misc.swift */; };
		1FD2340A2915A07800B85AE9 /* Preferences_misc.swift in Sources */ = {isa = PBXBuildFile; fileRef = 1FD234092915A07800B85AE9 /* Preferences_misc.swift */; };
		1FD2340C2915A17500B85AE9 /* PrefCheckboxes_cell.swift in Sources */ = {isa = PBXBuildFile; fileRef = 1FD2340B2915A17500B85AE9 /* PrefCheckboxes_cell.swift */; };
		1FD5BDEE28DC01AA003E650F /* ArticleViewController.swift in Sources */ = {isa = PBXBuildFile; fileRef = 1FD5BDED28DC01AA003E650F /* ArticleViewController.swift */; };
		1FD5BDF128DC0F91003E650F /* NoInternetPopupView.swift in Sources */ = {isa = PBXBuildFile; fileRef = 1FD5BDF028DC0F91003E650F /* NoInternetPopupView.swift */; };
		1FD5BDF328DC11DC003E650F /* PopupView.swift in Sources */ = {isa = PBXBuildFile; fileRef = 1FD5BDF228DC11DC003E650F /* PopupView.swift */; };
		1FD5BDF528DC1313003E650F /* DarkView.swift in Sources */ = {isa = PBXBuildFile; fileRef = 1FD5BDF428DC1313003E650F /* DarkView.swift */; };
		1FDEB1C828CB7E150029831E /* Layout.swift in Sources */ = {isa = PBXBuildFile; fileRef = 1FDEB1C728CB7E150029831E /* Layout.swift */; };
		1FDEB1CB28CB88730029831E /* StoryBI_cell.swift in Sources */ = {isa = PBXBuildFile; fileRef = 1FDEB1CA28CB88730029831E /* StoryBI_cell.swift */; };
		1FDEB1CE28CBC54F0029831E /* Merriweather-Bold.ttf in Resources */ = {isa = PBXBuildFile; fileRef = 1FDEB1CD28CBC54F0029831E /* Merriweather-Bold.ttf */; };
		1FEE16EB28C833BF0079BE54 /* NavBarView.swift in Sources */ = {isa = PBXBuildFile; fileRef = 1FEE16EA28C833BF0079BE54 /* NavBarView.swift */; };
		1FEE16ED28C83CED0079BE54 /* TopicSelectorView.swift in Sources */ = {isa = PBXBuildFile; fileRef = 1FEE16EC28C83CED0079BE54 /* TopicSelectorView.swift */; };
		1FF326C128CA71DA006FF2CE /* MainFeedTopic.swift in Sources */ = {isa = PBXBuildFile; fileRef = 1FF326C028CA71DA006FF2CE /* MainFeedTopic.swift */; };
		1FF326C328CA720E006FF2CE /* MainFeedArticle.swift in Sources */ = {isa = PBXBuildFile; fileRef = 1FF326C228CA720E006FF2CE /* MainFeedArticle.swift */; };
		1FF61CBE28DAE50B006DF9AC /* StoryCI_cell.swift in Sources */ = {isa = PBXBuildFile; fileRef = 1FF61CBD28DAE50B006DF9AC /* StoryCI_cell.swift */; };
		1FF61CC028DAFC4D006DF9AC /* ArticleCI_cell.swift in Sources */ = {isa = PBXBuildFile; fileRef = 1FF61CBF28DAFC4D006DF9AC /* ArticleCI_cell.swift */; };
		1FF6FBAA2912F10F00673146 /* SplitHeaderCell.swift in Sources */ = {isa = PBXBuildFile; fileRef = 1FF6FBA92912F10F00673146 /* SplitHeaderCell.swift */; };
		D4438EFBB252B6903AB56553 /* Pods_ImproveTheNews.framework in Frameworks */ = {isa = PBXBuildFile; fileRef = A395E0433D69EEF51DC03966 /* Pods_ImproveTheNews.framework */; };
/* End PBXBuildFile section */

/* Begin PBXFileReference section */
		1F025CAF28E12F2900AA866D /* Banner.swift */ = {isa = PBXFileReference; lastKnownFileType = sourcecode.swift; path = Banner.swift; sourceTree = "<group>"; };
		1F025CB128E133D800AA866D /* BannerCell.swift */ = {isa = PBXFileReference; lastKnownFileType = sourcecode.swift; path = BannerCell.swift; sourceTree = "<group>"; };
		1F025CB528E14D0E00AA866D /* questions.txt */ = {isa = PBXFileReference; lastKnownFileType = text; path = questions.txt; sourceTree = "<group>"; };
		1F0B000028F5FD35007280FF /* FooterCell.swift */ = {isa = PBXFileReference; lastKnownFileType = sourcecode.swift; path = FooterCell.swift; sourceTree = "<group>"; };
		1F0B000228F61D14007280FF /* Fonts_misc.swift */ = {isa = PBXFileReference; lastKnownFileType = sourcecode.swift; path = Fonts_misc.swift; sourceTree = "<group>"; };
		1F0BFFFE28F5F2C7007280FF /* MoreCell.swift */ = {isa = PBXFileReference; lastKnownFileType = sourcecode.swift; path = MoreCell.swift; sourceTree = "<group>"; };
		1F106AEA2907186E004B9943 /* MainFeed_dataProvider.swift */ = {isa = PBXFileReference; lastKnownFileType = sourcecode.swift; path = MainFeed_dataProvider.swift; sourceTree = "<group>"; };
		1F106AEC29071E30004B9943 /* MainFeed_cellTaps.swift */ = {isa = PBXFileReference; lastKnownFileType = sourcecode.swift; path = MainFeed_cellTaps.swift; sourceTree = "<group>"; };
		1F1788AA29363353003F528E /* MainFeedv2.swift */ = {isa = PBXFileReference; lastKnownFileType = sourcecode.swift; path = MainFeedv2.swift; sourceTree = "<group>"; };
		1F18C88828F89EF600197F38 /* MenuItemCell.swift */ = {isa = PBXFileReference; lastKnownFileType = sourcecode.swift; path = MenuItemCell.swift; sourceTree = "<group>"; };
		1F1A1A9B28D27D3100256785 /* StringExtension.swift */ = {isa = PBXFileReference; lastKnownFileType = sourcecode.swift; path = StringExtension.swift; sourceTree = "<group>"; };
		1F22E2E228C64BA4007F00D1 /* FloatingButton.swift */ = {isa = PBXFileReference; lastKnownFileType = sourcecode.swift; path = FloatingButton.swift; sourceTree = "<group>"; };
		1F22E2E428C6590F007F00D1 /* UILabelExtension.swift */ = {isa = PBXFileReference; lastKnownFileType = sourcecode.swift; path = UILabelExtension.swift; sourceTree = "<group>"; };
		1F22E2E628C65CF4007F00D1 /* DisplayMode.swift */ = {isa = PBXFileReference; lastKnownFileType = sourcecode.swift; path = DisplayMode.swift; sourceTree = "<group>"; };
		1F22E2E828C6E41A007F00D1 /* MenuViewController.swift */ = {isa = PBXFileReference; lastKnownFileType = sourcecode.swift; path = MenuViewController.swift; sourceTree = "<group>"; };
		1F22E2EA28C6E5E0007F00D1 /* UINavigationControllerExtension.swift */ = {isa = PBXFileReference; lastKnownFileType = sourcecode.swift; path = UINavigationControllerExtension.swift; sourceTree = "<group>"; };
		1F2306BB291987D600755D71 /* OnOffView.swift */ = {isa = PBXFileReference; lastKnownFileType = sourcecode.swift; path = OnOffView.swift; sourceTree = "<group>"; };
		1F23DABA28ECAE4D009D9AB1 /* MainFeed_collectionView.swift */ = {isa = PBXFileReference; lastKnownFileType = sourcecode.swift; path = MainFeed_collectionView.swift; sourceTree = "<group>"; };
		1F2D9FD328D36F6A00CE3008 /* ArticleWT_cell.swift */ = {isa = PBXFileReference; lastKnownFileType = sourcecode.swift; path = ArticleWT_cell.swift; sourceTree = "<group>"; };
		1F2D9FD528D386B600CE3008 /* StoryWT_cell.swift */ = {isa = PBXFileReference; lastKnownFileType = sourcecode.swift; path = StoryWT_cell.swift; sourceTree = "<group>"; };
		1F36FB0128EBF0E0002A54BC /* CGRectExtension.swift */ = {isa = PBXFileReference; lastKnownFileType = sourcecode.swift; path = CGRectExtension.swift; sourceTree = "<group>"; };
		1F39574E28DCDE8900DE3C07 /* CustomCollectionView.swift */ = {isa = PBXFileReference; lastKnownFileType = sourcecode.swift; path = CustomCollectionView.swift; sourceTree = "<group>"; };
		1F3E5E3B292FC2BF00FA090B /* SourceFilterViewController.swift */ = {isa = PBXFileReference; lastKnownFileType = sourcecode.swift; path = SourceFilterViewController.swift; sourceTree = "<group>"; };
		1F3E5E3D292FD24E00FA090B /* FilterTextView.swift */ = {isa = PBXFileReference; lastKnownFileType = sourcecode.swift; path = FilterTextView.swift; sourceTree = "<group>"; };
		1F47CD8C290F5476003F0003 /* StoryCT_cell.swift */ = {isa = PBXFileReference; lastKnownFileType = sourcecode.swift; path = StoryCT_cell.swift; sourceTree = "<group>"; };
		1F47CD8E290F5683003F0003 /* ArticleCT_cell.swift */ = {isa = PBXFileReference; lastKnownFileType = sourcecode.swift; path = ArticleCT_cell.swift; sourceTree = "<group>"; };
		1F70BE6C2913F4F70061E3FA /* PreferencesViewController.swift */ = {isa = PBXFileReference; lastKnownFileType = sourcecode.swift; path = PreferencesViewController.swift; sourceTree = "<group>"; };
		1F70BE6E2913FBD50061E3FA /* SearchViewController.swift */ = {isa = PBXFileReference; lastKnownFileType = sourcecode.swift; path = SearchViewController.swift; sourceTree = "<group>"; };
		1F70BE702913FD940061E3FA /* SearchTextView.swift */ = {isa = PBXFileReference; lastKnownFileType = sourcecode.swift; path = SearchTextView.swift; sourceTree = "<group>"; };
		1F70BE73291457B70061E3FA /* Search_topics.swift */ = {isa = PBXFileReference; lastKnownFileType = sourcecode.swift; path = Search_topics.swift; sourceTree = "<group>"; };
		1F897CE228CC322900438FC5 /* Sources.swift */ = {isa = PBXFileReference; lastKnownFileType = sourcecode.swift; path = Sources.swift; sourceTree = "<group>"; };
		1F897CE528CC380600438FC5 /* Json_misc.swift */ = {isa = PBXFileReference; lastKnownFileType = sourcecode.swift; path = Json_misc.swift; sourceTree = "<group>"; };
		1F897CE728CC3B0F00438FC5 /* UI_misc.swift */ = {isa = PBXFileReference; lastKnownFileType = sourcecode.swift; path = UI_misc.swift; sourceTree = "<group>"; };
		1F897CEA28CC4C4300438FC5 /* wapo.png */ = {isa = PBXFileReference; lastKnownFileType = image.png; path = wapo.png; sourceTree = "<group>"; };
		1F897CEB28CC4C4300438FC5 /* propublica.png */ = {isa = PBXFileReference; lastKnownFileType = image.png; path = propublica.png; sourceTree = "<group>"; };
		1F897CEC28CC4C4300438FC5 /* guardian.png */ = {isa = PBXFileReference; lastKnownFileType = image.png; path = guardian.png; sourceTree = "<group>"; };
		1F897CED28CC4C4300438FC5 /* cbs.png */ = {isa = PBXFileReference; lastKnownFileType = image.png; path = cbs.png; sourceTree = "<group>"; };
		1F897CEE28CC4C4300438FC5 /* aljazeera.png */ = {isa = PBXFileReference; lastKnownFileType = image.png; path = aljazeera.png; sourceTree = "<group>"; };
		1F897CEF28CC4C4300438FC5 /* breitbart.png */ = {isa = PBXFileReference; lastKnownFileType = image.png; path = breitbart.png; sourceTree = "<group>"; };
		1F897CF028CC4C4300438FC5 /* wsj.png */ = {isa = PBXFileReference; lastKnownFileType = image.png; path = wsj.png; sourceTree = "<group>"; };
		1F897CF128CC4C4300438FC5 /* slate.png */ = {isa = PBXFileReference; lastKnownFileType = image.png; path = slate.png; sourceTree = "<group>"; };
		1F897CF228CC4C4300438FC5 /* reuters.png */ = {isa = PBXFileReference; lastKnownFileType = image.png; path = reuters.png; sourceTree = "<group>"; };
		1F8EAECF29085FE30015F6F6 /* BreadcrumbsView.swift */ = {isa = PBXFileReference; lastKnownFileType = sourcecode.swift; path = BreadcrumbsView.swift; sourceTree = "<group>"; };
		1F90104628C583D600A5BDC9 /* LocalKeys.swift */ = {isa = PBXFileReference; lastKnownFileType = sourcecode.swift; path = LocalKeys.swift; sourceTree = "<group>"; };
		1F90105128C597C200A5BDC9 /* Roboto-Regular.ttf */ = {isa = PBXFileReference; lastKnownFileType = file; path = "Roboto-Regular.ttf"; sourceTree = "<group>"; };
		1F90105528C5997900A5BDC9 /* Roboto-Bold.ttf */ = {isa = PBXFileReference; lastKnownFileType = file; path = "Roboto-Bold.ttf"; sourceTree = "<group>"; };
		1F90105728C599DC00A5BDC9 /* UIColorExtension.swift */ = {isa = PBXFileReference; lastKnownFileType = sourcecode.swift; path = UIColorExtension.swift; sourceTree = "<group>"; };
		1F90105B28C5ADE700A5BDC9 /* UIImageExtension.swift */ = {isa = PBXFileReference; lastKnownFileType = sourcecode.swift; path = UIImageExtension.swift; sourceTree = "<group>"; };
		1F90105D28C5B2A300A5BDC9 /* Notifications.swift */ = {isa = PBXFileReference; lastKnownFileType = sourcecode.swift; path = Notifications.swift; sourceTree = "<group>"; };
		1F94AC5328EDF420003BB1EF /* CustomFlowLayout.swift */ = {isa = PBXFileReference; lastKnownFileType = sourcecode.swift; path = CustomFlowLayout.swift; sourceTree = "<group>"; };
		1F94CDC828F494A400135C7A /* next.txt */ = {isa = PBXFileReference; lastKnownFileType = text; path = next.txt; sourceTree = "<group>"; };
		1F95133D28BFB92E00A77AB6 /* ImproveTheNews.app */ = {isa = PBXFileReference; explicitFileType = wrapper.application; includeInIndex = 0; path = ImproveTheNews.app; sourceTree = BUILT_PRODUCTS_DIR; };
		1F95134028BFB92E00A77AB6 /* AppDelegate.swift */ = {isa = PBXFileReference; lastKnownFileType = sourcecode.swift; path = AppDelegate.swift; sourceTree = "<group>"; };
		1F95134228BFB92E00A77AB6 /* SceneDelegate.swift */ = {isa = PBXFileReference; lastKnownFileType = sourcecode.swift; path = SceneDelegate.swift; sourceTree = "<group>"; };
		1F95134728BFB92E00A77AB6 /* Base */ = {isa = PBXFileReference; lastKnownFileType = file.storyboard; name = Base; path = Base.lproj/Main.storyboard; sourceTree = "<group>"; };
		1F95134928BFB92F00A77AB6 /* Assets.xcassets */ = {isa = PBXFileReference; lastKnownFileType = folder.assetcatalog; path = Assets.xcassets; sourceTree = "<group>"; };
		1F95134C28BFB92F00A77AB6 /* Base */ = {isa = PBXFileReference; lastKnownFileType = file.storyboard; name = Base; path = Base.lproj/LaunchScreen.storyboard; sourceTree = "<group>"; };
		1F95134E28BFB92F00A77AB6 /* Info.plist */ = {isa = PBXFileReference; lastKnownFileType = text.plist.xml; path = Info.plist; sourceTree = "<group>"; };
		1F95135728BFB9D300A77AB6 /* url notes.txt */ = {isa = PBXFileReference; lastKnownFileType = text; path = "url notes.txt"; sourceTree = "<group>"; };
		1F95135D28BFC4D300A77AB6 /* to-do.txt */ = {isa = PBXFileReference; lastKnownFileType = text; path = "to-do.txt"; sourceTree = "<group>"; };
		1F95136028BFC64300A77AB6 /* CustomNavController.swift */ = {isa = PBXFileReference; lastKnownFileType = sourcecode.swift; path = CustomNavController.swift; sourceTree = "<group>"; };
		1F95136228BFC69200A77AB6 /* MainFeedViewController.swift */ = {isa = PBXFileReference; lastKnownFileType = sourcecode.swift; path = MainFeedViewController.swift; sourceTree = "<group>"; };
		1F95136528BFCB2800A77AB6 /* my references.txt */ = {isa = PBXFileReference; lastKnownFileType = text; path = "my references.txt"; sourceTree = "<group>"; };
		1F9538D728FF123800251598 /* to-do.plist */ = {isa = PBXFileReference; lastKnownFileType = text.plist.xml; path = "to-do.plist"; sourceTree = "<group>"; };
		1F9538D928FF134800251598 /* done.plist */ = {isa = PBXFileReference; lastKnownFileType = text.plist.xml; path = done.plist; sourceTree = "<group>"; };
		1F9538DB28FF337A00251598 /* StancePopupView.swift */ = {isa = PBXFileReference; lastKnownFileType = sourcecode.swift; path = StancePopupView.swift; sourceTree = "<group>"; };
		1F9538DD28FF387800251598 /* Merriweather-Regular.ttf */ = {isa = PBXFileReference; lastKnownFileType = file; path = "Merriweather-Regular.ttf"; sourceTree = "<group>"; };
		1FA1728528D2AF6E00693B85 /* StanceIconView.swift */ = {isa = PBXFileReference; lastKnownFileType = sourcecode.swift; path = StanceIconView.swift; sourceTree = "<group>"; };
		1FA1728728D2B7AC00693B85 /* IntExtension.swift */ = {isa = PBXFileReference; lastKnownFileType = sourcecode.swift; path = IntExtension.swift; sourceTree = "<group>"; };
		1FA1728928D2BD3F00693B85 /* CGFloatExtension.swift */ = {isa = PBXFileReference; lastKnownFileType = sourcecode.swift; path = CGFloatExtension.swift; sourceTree = "<group>"; };
		1FA4CE6128C282A00068DE4A /* misc.txt */ = {isa = PBXFileReference; lastKnownFileType = text; path = misc.txt; sourceTree = "<group>"; };
		1FA4CE6428C2865B0068DE4A /* Utils.swift */ = {isa = PBXFileReference; lastKnownFileType = sourcecode.swift; path = Utils.swift; sourceTree = "<group>"; };
		1FA4CE6728C286F40068DE4A /* MainFeed.swift */ = {isa = PBXFileReference; lastKnownFileType = sourcecode.swift; path = MainFeed.swift; sourceTree = "<group>"; };
		1FA4CE6928C2874E0068DE4A /* BaseViewController.swift */ = {isa = PBXFileReference; lastKnownFileType = sourcecode.swift; path = BaseViewController.swift; sourceTree = "<group>"; };
		1FA4CE6C28C2D39F0068DE4A /* UIDeviceExtension.swift */ = {isa = PBXFileReference; fileEncoding = 4; lastKnownFileType = sourcecode.swift; path = UIDeviceExtension.swift; sourceTree = "<group>"; };
		1FA4CE6E28C2D47F0068DE4A /* BundleExtension.swift */ = {isa = PBXFileReference; lastKnownFileType = sourcecode.swift; path = BundleExtension.swift; sourceTree = "<group>"; };
		1FA4CE7028C2D5460068DE4A /* UUID.swift */ = {isa = PBXFileReference; lastKnownFileType = sourcecode.swift; path = UUID.swift; sourceTree = "<group>"; };
		1FA4CE7228C2DDFD0068DE4A /* ErrorExtension.swift */ = {isa = PBXFileReference; lastKnownFileType = sourcecode.swift; path = ErrorExtension.swift; sourceTree = "<group>"; };
		1FA4CE7428C306590068DE4A /* UIViewExtension.swift */ = {isa = PBXFileReference; lastKnownFileType = sourcecode.swift; path = UIViewExtension.swift; sourceTree = "<group>"; };
		1FA4CE7628C3DAEE0068DE4A /* LoadingView.swift */ = {isa = PBXFileReference; lastKnownFileType = sourcecode.swift; path = LoadingView.swift; sourceTree = "<group>"; };
		1FA4CE7828C3DCFB0068DE4A /* SlidersPanel.swift */ = {isa = PBXFileReference; lastKnownFileType = sourcecode.swift; path = SlidersPanel.swift; sourceTree = "<group>"; };
		1FA8AA3128D0D29000B6C956 /* DP_item.swift */ = {isa = PBXFileReference; lastKnownFileType = sourcecode.swift; path = DP_item.swift; sourceTree = "<group>"; };
		1FA8AA3328D0D50200B6C956 /* HeaderCell.swift */ = {isa = PBXFileReference; lastKnownFileType = sourcecode.swift; path = HeaderCell.swift; sourceTree = "<group>"; };
		1FA8AA3528D0E3F500B6C956 /* ArticleWI_cell.swift */ = {isa = PBXFileReference; lastKnownFileType = sourcecode.swift; path = ArticleWI_cell.swift; sourceTree = "<group>"; };
		1FA8AA3728D1778F00B6C956 /* SourceIcons.swift */ = {isa = PBXFileReference; lastKnownFileType = sourcecode.swift; path = SourceIcons.swift; sourceTree = "<group>"; };
		1FD2340329155F1700B85AE9 /* MenuView.swift */ = {isa = PBXFileReference; lastKnownFileType = sourcecode.swift; path = MenuView.swift; sourceTree = "<group>"; };
		1FD23405291565F100B85AE9 /* MenuView_misc.swift */ = {isa = PBXFileReference; lastKnownFileType = sourcecode.swift; path = MenuView_misc.swift; sourceTree = "<group>"; };
		1FD234092915A07800B85AE9 /* Preferences_misc.swift */ = {isa = PBXFileReference; lastKnownFileType = sourcecode.swift; path = Preferences_misc.swift; sourceTree = "<group>"; };
		1FD2340B2915A17500B85AE9 /* PrefCheckboxes_cell.swift */ = {isa = PBXFileReference; lastKnownFileType = sourcecode.swift; path = PrefCheckboxes_cell.swift; sourceTree = "<group>"; };
		1FD5BDED28DC01AA003E650F /* ArticleViewController.swift */ = {isa = PBXFileReference; lastKnownFileType = sourcecode.swift; path = ArticleViewController.swift; sourceTree = "<group>"; };
		1FD5BDF028DC0F91003E650F /* NoInternetPopupView.swift */ = {isa = PBXFileReference; lastKnownFileType = sourcecode.swift; path = NoInternetPopupView.swift; sourceTree = "<group>"; };
		1FD5BDF228DC11DC003E650F /* PopupView.swift */ = {isa = PBXFileReference; lastKnownFileType = sourcecode.swift; path = PopupView.swift; sourceTree = "<group>"; };
		1FD5BDF428DC1313003E650F /* DarkView.swift */ = {isa = PBXFileReference; lastKnownFileType = sourcecode.swift; path = DarkView.swift; sourceTree = "<group>"; };
		1FDEB1C728CB7E150029831E /* Layout.swift */ = {isa = PBXFileReference; lastKnownFileType = sourcecode.swift; path = Layout.swift; sourceTree = "<group>"; };
		1FDEB1CA28CB88730029831E /* StoryBI_cell.swift */ = {isa = PBXFileReference; lastKnownFileType = sourcecode.swift; path = StoryBI_cell.swift; sourceTree = "<group>"; };
		1FDEB1CD28CBC54F0029831E /* Merriweather-Bold.ttf */ = {isa = PBXFileReference; lastKnownFileType = file; path = "Merriweather-Bold.ttf"; sourceTree = "<group>"; };
		1FEE16EA28C833BF0079BE54 /* NavBarView.swift */ = {isa = PBXFileReference; lastKnownFileType = sourcecode.swift; path = NavBarView.swift; sourceTree = "<group>"; };
		1FEE16EC28C83CED0079BE54 /* TopicSelectorView.swift */ = {isa = PBXFileReference; lastKnownFileType = sourcecode.swift; path = TopicSelectorView.swift; sourceTree = "<group>"; };
		1FF326C028CA71DA006FF2CE /* MainFeedTopic.swift */ = {isa = PBXFileReference; lastKnownFileType = sourcecode.swift; path = MainFeedTopic.swift; sourceTree = "<group>"; };
		1FF326C228CA720E006FF2CE /* MainFeedArticle.swift */ = {isa = PBXFileReference; lastKnownFileType = sourcecode.swift; path = MainFeedArticle.swift; sourceTree = "<group>"; };
		1FF61CBD28DAE50B006DF9AC /* StoryCI_cell.swift */ = {isa = PBXFileReference; lastKnownFileType = sourcecode.swift; path = StoryCI_cell.swift; sourceTree = "<group>"; };
		1FF61CBF28DAFC4D006DF9AC /* ArticleCI_cell.swift */ = {isa = PBXFileReference; lastKnownFileType = sourcecode.swift; path = ArticleCI_cell.swift; sourceTree = "<group>"; };
		1FF6FBA92912F10F00673146 /* SplitHeaderCell.swift */ = {isa = PBXFileReference; lastKnownFileType = sourcecode.swift; path = SplitHeaderCell.swift; sourceTree = "<group>"; };
		8D5B46307AEDFAA8CAB0BA84 /* Pods-ImproveTheNews.debug.xcconfig */ = {isa = PBXFileReference; includeInIndex = 1; lastKnownFileType = text.xcconfig; name = "Pods-ImproveTheNews.debug.xcconfig"; path = "Target Support Files/Pods-ImproveTheNews/Pods-ImproveTheNews.debug.xcconfig"; sourceTree = "<group>"; };
		A395E0433D69EEF51DC03966 /* Pods_ImproveTheNews.framework */ = {isa = PBXFileReference; explicitFileType = wrapper.framework; includeInIndex = 0; path = Pods_ImproveTheNews.framework; sourceTree = BUILT_PRODUCTS_DIR; };
		B038FC5F8D4A9F9F2CF291F0 /* Pods-ImproveTheNews.app store.xcconfig */ = {isa = PBXFileReference; includeInIndex = 1; lastKnownFileType = text.xcconfig; name = "Pods-ImproveTheNews.app store.xcconfig"; path = "Target Support Files/Pods-ImproveTheNews/Pods-ImproveTheNews.app store.xcconfig"; sourceTree = "<group>"; };
		C5FE7FE8A9666767DA91A834 /* Pods-ImproveTheNews.beta.xcconfig */ = {isa = PBXFileReference; includeInIndex = 1; lastKnownFileType = text.xcconfig; name = "Pods-ImproveTheNews.beta.xcconfig"; path = "Target Support Files/Pods-ImproveTheNews/Pods-ImproveTheNews.beta.xcconfig"; sourceTree = "<group>"; };
/* End PBXFileReference section */

/* Begin PBXFrameworksBuildPhase section */
		1F95133A28BFB92E00A77AB6 /* Frameworks */ = {
			isa = PBXFrameworksBuildPhase;
			buildActionMask = 2147483647;
			files = (
				D4438EFBB252B6903AB56553 /* Pods_ImproveTheNews.framework in Frameworks */,
			);
			runOnlyForDeploymentPostprocessing = 0;
		};
/* End PBXFrameworksBuildPhase section */

/* Begin PBXGroup section */
		1F18C88B28F8CC0400197F38 /* MainFeed */ = {
			isa = PBXGroup;
			children = (
				1F95136228BFC69200A77AB6 /* MainFeedViewController.swift */,
				1F23DABA28ECAE4D009D9AB1 /* MainFeed_collectionView.swift */,
				1F106AEA2907186E004B9943 /* MainFeed_dataProvider.swift */,
				1F106AEC29071E30004B9943 /* MainFeed_cellTaps.swift */,
				1FDEB1C928CB87FF0029831E /* cells */,
			);
			path = MainFeed;
			sourceTree = "<group>";
		};
		1F70BE72291457960061E3FA /* Search */ = {
			isa = PBXGroup;
			children = (
				1F70BE6E2913FBD50061E3FA /* SearchViewController.swift */,
				1F70BE73291457B70061E3FA /* Search_topics.swift */,
			);
			path = Search;
			sourceTree = "<group>";
		};
		1F7E777128E362160024D792 /* CustomCollectionView */ = {
			isa = PBXGroup;
			children = (
				1F39574E28DCDE8900DE3C07 /* CustomCollectionView.swift */,
				1F94AC5328EDF420003BB1EF /* CustomFlowLayout.swift */,
			);
			path = CustomCollectionView;
			sourceTree = "<group>";
		};
		1F897CE428CC37F100438FC5 /* Utils */ = {
			isa = PBXGroup;
			children = (
				1FA4CE6428C2865B0068DE4A /* Utils.swift */,
				1F897CE728CC3B0F00438FC5 /* UI_misc.swift */,
				1F897CE528CC380600438FC5 /* Json_misc.swift */,
				1F0B000228F61D14007280FF /* Fonts_misc.swift */,
			);
			path = Utils;
			sourceTree = "<group>";
		};
		1F897CE928CC4C4300438FC5 /* sources_svg */ = {
			isa = PBXGroup;
			children = (
				1F897CEA28CC4C4300438FC5 /* wapo.png */,
				1F897CEB28CC4C4300438FC5 /* propublica.png */,
				1F897CEC28CC4C4300438FC5 /* guardian.png */,
				1F897CED28CC4C4300438FC5 /* cbs.png */,
				1F897CEE28CC4C4300438FC5 /* aljazeera.png */,
				1F897CEF28CC4C4300438FC5 /* breitbart.png */,
				1F897CF028CC4C4300438FC5 /* wsj.png */,
				1F897CF128CC4C4300438FC5 /* slate.png */,
				1F897CF228CC4C4300438FC5 /* reuters.png */,
			);
			path = sources_svg;
			sourceTree = "<group>";
		};
		1F8EAED1290984000015F6F6 /* plist */ = {
			isa = PBXGroup;
			children = (
				1F9538D728FF123800251598 /* to-do.plist */,
				1F9538D928FF134800251598 /* done.plist */,
			);
			path = plist;
			sourceTree = "<group>";
		};
		1F90105028C5979F00A5BDC9 /* fonts */ = {
			isa = PBXGroup;
			children = (
				1F90105528C5997900A5BDC9 /* Roboto-Bold.ttf */,
				1F90105128C597C200A5BDC9 /* Roboto-Regular.ttf */,
				1FDEB1CD28CBC54F0029831E /* Merriweather-Bold.ttf */,
				1F9538DD28FF387800251598 /* Merriweather-Regular.ttf */,
			);
			path = fonts;
			sourceTree = "<group>";
		};
		1F95133428BFB92E00A77AB6 = {
			isa = PBXGroup;
			children = (
				1F95133F28BFB92E00A77AB6 /* ImproveTheNews */,
				1F95133E28BFB92E00A77AB6 /* Products */,
				2E7EEF83D9E93B93E3913424 /* Pods */,
				E3EB5852C67121180FCE5CFB /* Frameworks */,
			);
			sourceTree = "<group>";
		};
		1F95133E28BFB92E00A77AB6 /* Products */ = {
			isa = PBXGroup;
			children = (
				1F95133D28BFB92E00A77AB6 /* ImproveTheNews.app */,
			);
			name = Products;
			sourceTree = "<group>";
		};
		1F95133F28BFB92E00A77AB6 /* ImproveTheNews */ = {
			isa = PBXGroup;
			children = (
				1F95135428BFB95000A77AB6 /* app */,
				1FA4CE6328C2864F0068DE4A /* misc */,
				1FA4CE6628C286C40068DE4A /* data */,
				1FA4CE6B28C2D3870068DE4A /* extensions */,
				1F95135F28BFC61A00A77AB6 /* components */,
				1F95135628BFB97C00A77AB6 /* viewControllers */,
				1F95135528BFB96F00A77AB6 /* resources */,
				1F95136428BFCB0700A77AB6 /* texts & notes */,
				1FD23407291572B800B85AE9 /* trash */,
			);
			path = ImproveTheNews;
			sourceTree = "<group>";
		};
		1F95135428BFB95000A77AB6 /* app */ = {
			isa = PBXGroup;
			children = (
				1F95134E28BFB92F00A77AB6 /* Info.plist */,
				1F95134028BFB92E00A77AB6 /* AppDelegate.swift */,
				1F95134228BFB92E00A77AB6 /* SceneDelegate.swift */,
			);
			path = app;
			sourceTree = "<group>";
		};
		1F95135528BFB96F00A77AB6 /* resources */ = {
			isa = PBXGroup;
			children = (
				1F90105028C5979F00A5BDC9 /* fonts */,
				1F897CE928CC4C4300438FC5 /* sources_svg */,
				1F95134628BFB92E00A77AB6 /* Main.storyboard */,
				1F95134B28BFB92F00A77AB6 /* LaunchScreen.storyboard */,
				1F95134928BFB92F00A77AB6 /* Assets.xcassets */,
			);
			path = resources;
			sourceTree = "<group>";
		};
		1F95135628BFB97C00A77AB6 /* viewControllers */ = {
			isa = PBXGroup;
			children = (
				1FA4CE6928C2874E0068DE4A /* BaseViewController.swift */,
				1F18C88B28F8CC0400197F38 /* MainFeed */,
				1FD2340829159EFD00B85AE9 /* Preferences */,
				1FD5BDED28DC01AA003E650F /* ArticleViewController.swift */,
				1F70BE72291457960061E3FA /* Search */,
				1F3E5E3B292FC2BF00FA090B /* SourceFilterViewController.swift */,
			);
			path = viewControllers;
			sourceTree = "<group>";
		};
		1F95135F28BFC61A00A77AB6 /* components */ = {
			isa = PBXGroup;
			children = (
				1FD5BDF428DC1313003E650F /* DarkView.swift */,
				1FD5BDEF28DC0F7A003E650F /* popups */,
				1F95136028BFC64300A77AB6 /* CustomNavController.swift */,
				1F7E777128E362160024D792 /* CustomCollectionView */,
				1FA4CE7628C3DAEE0068DE4A /* LoadingView.swift */,
				1FA4CE7828C3DCFB0068DE4A /* SlidersPanel.swift */,
				1F22E2E228C64BA4007F00D1 /* FloatingButton.swift */,
				1FEE16EA28C833BF0079BE54 /* NavBarView.swift */,
				1FD2340229155F0000B85AE9 /* Menu */,
				1FEE16EC28C83CED0079BE54 /* TopicSelectorView.swift */,
				1FA1728528D2AF6E00693B85 /* StanceIconView.swift */,
				1F8EAECF29085FE30015F6F6 /* BreadcrumbsView.swift */,
				1F70BE702913FD940061E3FA /* SearchTextView.swift */,
				1F2306BB291987D600755D71 /* OnOffView.swift */,
				1F3E5E3D292FD24E00FA090B /* FilterTextView.swift */,
			);
			path = components;
			sourceTree = "<group>";
		};
		1F95136428BFCB0700A77AB6 /* texts & notes */ = {
			isa = PBXGroup;
			children = (
				1F95136528BFCB2800A77AB6 /* my references.txt */,
				1F95135D28BFC4D300A77AB6 /* to-do.txt */,
				1F95135728BFB9D300A77AB6 /* url notes.txt */,
				1FA4CE6128C282A00068DE4A /* misc.txt */,
				1F025CB528E14D0E00AA866D /* questions.txt */,
				1F94CDC828F494A400135C7A /* next.txt */,
				1F8EAED1290984000015F6F6 /* plist */,
			);
			path = "texts & notes";
			sourceTree = "<group>";
		};
		1FA4CE6328C2864F0068DE4A /* misc */ = {
			isa = PBXGroup;
			children = (
				1F897CE428CC37F100438FC5 /* Utils */,
				1F90105D28C5B2A300A5BDC9 /* Notifications.swift */,
				1F22E2E628C65CF4007F00D1 /* DisplayMode.swift */,
				1FDEB1C728CB7E150029831E /* Layout.swift */,
			);
			path = misc;
			sourceTree = "<group>";
		};
		1FA4CE6628C286C40068DE4A /* data */ = {
			isa = PBXGroup;
			children = (
				1F90104628C583D600A5BDC9 /* LocalKeys.swift */,
				1FA4CE7028C2D5460068DE4A /* UUID.swift */,
				1FF326BF28CA71C2006FF2CE /* MainFeed */,
				1FA4CE6728C286F40068DE4A /* MainFeed.swift */,
				1F1788AA29363353003F528E /* MainFeedv2.swift */,
				1F897CE228CC322900438FC5 /* Sources.swift */,
			);
			path = data;
			sourceTree = "<group>";
		};
		1FA4CE6B28C2D3870068DE4A /* extensions */ = {
			isa = PBXGroup;
			children = (
				1FF61CBC28DAD84A006DF9AC /* basics */,
				1FA4CE6C28C2D39F0068DE4A /* UIDeviceExtension.swift */,
				1FA4CE6E28C2D47F0068DE4A /* BundleExtension.swift */,
				1FA4CE7228C2DDFD0068DE4A /* ErrorExtension.swift */,
				1FA4CE7428C306590068DE4A /* UIViewExtension.swift */,
				1F90105728C599DC00A5BDC9 /* UIColorExtension.swift */,
				1F90105B28C5ADE700A5BDC9 /* UIImageExtension.swift */,
				1F22E2E428C6590F007F00D1 /* UILabelExtension.swift */,
				1F22E2EA28C6E5E0007F00D1 /* UINavigationControllerExtension.swift */,
				1F36FB0128EBF0E0002A54BC /* CGRectExtension.swift */,
			);
			path = extensions;
			sourceTree = "<group>";
		};
		1FA8AA3928D1788B00B6C956 /* misc */ = {
			isa = PBXGroup;
			children = (
				1FA8AA3128D0D29000B6C956 /* DP_item.swift */,
				1FA8AA3728D1778F00B6C956 /* SourceIcons.swift */,
			);
			path = misc;
			sourceTree = "<group>";
		};
		1FD2340229155F0000B85AE9 /* Menu */ = {
			isa = PBXGroup;
			children = (
				1FD2340329155F1700B85AE9 /* MenuView.swift */,
				1FD23405291565F100B85AE9 /* MenuView_misc.swift */,
				1F18C88828F89EF600197F38 /* MenuItemCell.swift */,
			);
			path = Menu;
			sourceTree = "<group>";
		};
		1FD23407291572B800B85AE9 /* trash */ = {
			isa = PBXGroup;
			children = (
				1F22E2E828C6E41A007F00D1 /* MenuViewController.swift */,
			);
			path = trash;
			sourceTree = "<group>";
		};
		1FD2340829159EFD00B85AE9 /* Preferences */ = {
			isa = PBXGroup;
			children = (
				1F70BE6C2913F4F70061E3FA /* PreferencesViewController.swift */,
				1FD234092915A07800B85AE9 /* Preferences_misc.swift */,
				1FD2340B2915A17500B85AE9 /* PrefCheckboxes_cell.swift */,
			);
			path = Preferences;
			sourceTree = "<group>";
		};
		1FD5BDEF28DC0F7A003E650F /* popups */ = {
			isa = PBXGroup;
			children = (
				1FD5BDF228DC11DC003E650F /* PopupView.swift */,
				1FD5BDF028DC0F91003E650F /* NoInternetPopupView.swift */,
				1F9538DB28FF337A00251598 /* StancePopupView.swift */,
			);
			path = popups;
			sourceTree = "<group>";
		};
		1FDEB1C928CB87FF0029831E /* cells */ = {
			isa = PBXGroup;
			children = (
				1FA8AA3928D1788B00B6C956 /* misc */,
				1FA8AA3328D0D50200B6C956 /* HeaderCell.swift */,
				1FF6FBA92912F10F00673146 /* SplitHeaderCell.swift */,
				1F0BFFFE28F5F2C7007280FF /* MoreCell.swift */,
				1F0B000028F5FD35007280FF /* FooterCell.swift */,
				1FDEB1CA28CB88730029831E /* StoryBI_cell.swift */,
				1FA8AA3528D0E3F500B6C956 /* ArticleWI_cell.swift */,
				1F2D9FD328D36F6A00CE3008 /* ArticleWT_cell.swift */,
				1F2D9FD528D386B600CE3008 /* StoryWT_cell.swift */,
				1FF61CBD28DAE50B006DF9AC /* StoryCI_cell.swift */,
				1F47CD8C290F5476003F0003 /* StoryCT_cell.swift */,
				1FF61CBF28DAFC4D006DF9AC /* ArticleCI_cell.swift */,
				1F47CD8E290F5683003F0003 /* ArticleCT_cell.swift */,
				1F025CB128E133D800AA866D /* BannerCell.swift */,
			);
			path = cells;
			sourceTree = "<group>";
		};
		1FF326BF28CA71C2006FF2CE /* MainFeed */ = {
			isa = PBXGroup;
			children = (
				1FF326C028CA71DA006FF2CE /* MainFeedTopic.swift */,
				1FF326C228CA720E006FF2CE /* MainFeedArticle.swift */,
				1F025CAF28E12F2900AA866D /* Banner.swift */,
			);
			path = MainFeed;
			sourceTree = "<group>";
		};
		1FF61CBC28DAD84A006DF9AC /* basics */ = {
			isa = PBXGroup;
			children = (
				1FA1728728D2B7AC00693B85 /* IntExtension.swift */,
				1F1A1A9B28D27D3100256785 /* StringExtension.swift */,
				1FA1728928D2BD3F00693B85 /* CGFloatExtension.swift */,
			);
			path = basics;
			sourceTree = "<group>";
		};
		2E7EEF83D9E93B93E3913424 /* Pods */ = {
			isa = PBXGroup;
			children = (
				8D5B46307AEDFAA8CAB0BA84 /* Pods-ImproveTheNews.debug.xcconfig */,
				B038FC5F8D4A9F9F2CF291F0 /* Pods-ImproveTheNews.app store.xcconfig */,
				C5FE7FE8A9666767DA91A834 /* Pods-ImproveTheNews.beta.xcconfig */,
			);
			path = Pods;
			sourceTree = "<group>";
		};
		E3EB5852C67121180FCE5CFB /* Frameworks */ = {
			isa = PBXGroup;
			children = (
				A395E0433D69EEF51DC03966 /* Pods_ImproveTheNews.framework */,
			);
			name = Frameworks;
			sourceTree = "<group>";
		};
/* End PBXGroup section */

/* Begin PBXNativeTarget section */
		1F95133C28BFB92E00A77AB6 /* ImproveTheNews */ = {
			isa = PBXNativeTarget;
			buildConfigurationList = 1F95135128BFB92F00A77AB6 /* Build configuration list for PBXNativeTarget "ImproveTheNews" */;
			buildPhases = (
				36C130FD900D5624D1D015FB /* [CP] Check Pods Manifest.lock */,
				1F95133928BFB92E00A77AB6 /* Sources */,
				1F95133A28BFB92E00A77AB6 /* Frameworks */,
				1F95133B28BFB92E00A77AB6 /* Resources */,
				8EAEE853334C32B5AB6214FF /* [CP] Embed Pods Frameworks */,
			);
			buildRules = (
			);
			dependencies = (
			);
			name = ImproveTheNews;
			productName = ImproveTheNews;
			productReference = 1F95133D28BFB92E00A77AB6 /* ImproveTheNews.app */;
			productType = "com.apple.product-type.application";
		};
/* End PBXNativeTarget section */

/* Begin PBXProject section */
		1F95133528BFB92E00A77AB6 /* Project object */ = {
			isa = PBXProject;
			attributes = {
				BuildIndependentTargetsInParallel = 1;
				LastSwiftUpdateCheck = 1340;
				LastUpgradeCheck = 1340;
				TargetAttributes = {
					1F95133C28BFB92E00A77AB6 = {
						CreatedOnToolsVersion = 13.4.1;
					};
				};
			};
			buildConfigurationList = 1F95133828BFB92E00A77AB6 /* Build configuration list for PBXProject "ImproveTheNews" */;
			compatibilityVersion = "Xcode 13.0";
			developmentRegion = en;
			hasScannedForEncodings = 0;
			knownRegions = (
				en,
				Base,
			);
			mainGroup = 1F95133428BFB92E00A77AB6;
			productRefGroup = 1F95133E28BFB92E00A77AB6 /* Products */;
			projectDirPath = "";
			projectRoot = "";
			targets = (
				1F95133C28BFB92E00A77AB6 /* ImproveTheNews */,
			);
		};
/* End PBXProject section */

/* Begin PBXResourcesBuildPhase section */
		1F95133B28BFB92E00A77AB6 /* Resources */ = {
			isa = PBXResourcesBuildPhase;
			buildActionMask = 2147483647;
			files = (
				1F95135828BFB9D300A77AB6 /* url notes.txt in Resources */,
				1F025CB628E14D0E00AA866D /* questions.txt in Resources */,
				1F9538DA28FF134800251598 /* done.plist in Resources */,
				1F897CF428CC4C4300438FC5 /* propublica.png in Resources */,
				1F9538D828FF123800251598 /* to-do.plist in Resources */,
				1F90105628C5997900A5BDC9 /* Roboto-Bold.ttf in Resources */,
				1F897CF328CC4C4300438FC5 /* wapo.png in Resources */,
				1F897CFB28CC4C4300438FC5 /* reuters.png in Resources */,
				1F90105228C598DA00A5BDC9 /* Roboto-Regular.ttf in Resources */,
				1F95135E28BFC4D300A77AB6 /* to-do.txt in Resources */,
				1F9538DE28FF387800251598 /* Merriweather-Regular.ttf in Resources */,
				1F897CFA28CC4C4300438FC5 /* slate.png in Resources */,
				1F94CDC928F494A400135C7A /* next.txt in Resources */,
				1F95136628BFCB2800A77AB6 /* my references.txt in Resources */,
				1F95134D28BFB92F00A77AB6 /* LaunchScreen.storyboard in Resources */,
				1F897CF828CC4C4300438FC5 /* breitbart.png in Resources */,
				1FA4CE6228C282A00068DE4A /* misc.txt in Resources */,
				1F897CF628CC4C4300438FC5 /* cbs.png in Resources */,
				1F897CF928CC4C4300438FC5 /* wsj.png in Resources */,
				1F95134A28BFB92F00A77AB6 /* Assets.xcassets in Resources */,
				1F95134828BFB92E00A77AB6 /* Main.storyboard in Resources */,
				1F897CF528CC4C4300438FC5 /* guardian.png in Resources */,
				1FDEB1CE28CBC54F0029831E /* Merriweather-Bold.ttf in Resources */,
				1F897CF728CC4C4300438FC5 /* aljazeera.png in Resources */,
			);
			runOnlyForDeploymentPostprocessing = 0;
		};
/* End PBXResourcesBuildPhase section */

/* Begin PBXShellScriptBuildPhase section */
		36C130FD900D5624D1D015FB /* [CP] Check Pods Manifest.lock */ = {
			isa = PBXShellScriptBuildPhase;
			buildActionMask = 2147483647;
			files = (
			);
			inputFileListPaths = (
			);
			inputPaths = (
				"${PODS_PODFILE_DIR_PATH}/Podfile.lock",
				"${PODS_ROOT}/Manifest.lock",
			);
			name = "[CP] Check Pods Manifest.lock";
			outputFileListPaths = (
			);
			outputPaths = (
				"$(DERIVED_FILE_DIR)/Pods-ImproveTheNews-checkManifestLockResult.txt",
			);
			runOnlyForDeploymentPostprocessing = 0;
			shellPath = /bin/sh;
			shellScript = "diff \"${PODS_PODFILE_DIR_PATH}/Podfile.lock\" \"${PODS_ROOT}/Manifest.lock\" > /dev/null\nif [ $? != 0 ] ; then\n    # print error to STDERR\n    echo \"error: The sandbox is not in sync with the Podfile.lock. Run 'pod install' or update your CocoaPods installation.\" >&2\n    exit 1\nfi\n# This output is used by Xcode 'outputs' to avoid re-running this script phase.\necho \"SUCCESS\" > \"${SCRIPT_OUTPUT_FILE_0}\"\n";
			showEnvVarsInLog = 0;
		};
		8EAEE853334C32B5AB6214FF /* [CP] Embed Pods Frameworks */ = {
			isa = PBXShellScriptBuildPhase;
			buildActionMask = 2147483647;
			files = (
			);
			inputFileListPaths = (
				"${PODS_ROOT}/Target Support Files/Pods-ImproveTheNews/Pods-ImproveTheNews-frameworks-${CONFIGURATION}-input-files.xcfilelist",
			);
			name = "[CP] Embed Pods Frameworks";
			outputFileListPaths = (
				"${PODS_ROOT}/Target Support Files/Pods-ImproveTheNews/Pods-ImproveTheNews-frameworks-${CONFIGURATION}-output-files.xcfilelist",
			);
			runOnlyForDeploymentPostprocessing = 0;
			shellPath = /bin/sh;
			shellScript = "\"${PODS_ROOT}/Target Support Files/Pods-ImproveTheNews/Pods-ImproveTheNews-frameworks.sh\"\n";
			showEnvVarsInLog = 0;
		};
/* End PBXShellScriptBuildPhase section */

/* Begin PBXSourcesBuildPhase section */
		1F95133928BFB92E00A77AB6 /* Sources */ = {
			isa = PBXSourcesBuildPhase;
			buildActionMask = 2147483647;
			files = (
				1F90105828C599DC00A5BDC9 /* UIColorExtension.swift in Sources */,
				1F22E2E728C65CF4007F00D1 /* DisplayMode.swift in Sources */,
				1F106AED29071E30004B9943 /* MainFeed_cellTaps.swift in Sources */,
				1F47CD8D290F5476003F0003 /* StoryCT_cell.swift in Sources */,
				1FDEB1CB28CB88730029831E /* StoryBI_cell.swift in Sources */,
				1F106AEB2907186E004B9943 /* MainFeed_dataProvider.swift in Sources */,
				1F1788AB29363353003F528E /* MainFeedv2.swift in Sources */,
				1F18C88928F89EF600197F38 /* MenuItemCell.swift in Sources */,
				1F1A1A9C28D27D3100256785 /* StringExtension.swift in Sources */,
				1FD23406291565F100B85AE9 /* MenuView_misc.swift in Sources */,
				1F90105E28C5B2A300A5BDC9 /* Notifications.swift in Sources */,
				1F47CD8F290F5683003F0003 /* ArticleCT_cell.swift in Sources */,
				1FA8AA3628D0E3F500B6C956 /* ArticleWI_cell.swift in Sources */,
				1FD5BDF528DC1313003E650F /* DarkView.swift in Sources */,
				1FA1728A28D2BD3F00693B85 /* CGFloatExtension.swift in Sources */,
				1F90104728C583D600A5BDC9 /* LocalKeys.swift in Sources */,
				1F9538DC28FF337A00251598 /* StancePopupView.swift in Sources */,
				1F2D9FD628D386B600CE3008 /* StoryWT_cell.swift in Sources */,
				1F0B000128F5FD35007280FF /* FooterCell.swift in Sources */,
				1FD5BDF328DC11DC003E650F /* PopupView.swift in Sources */,
				1FF61CBE28DAE50B006DF9AC /* StoryCI_cell.swift in Sources */,
				1F0B000328F61D14007280FF /* Fonts_misc.swift in Sources */,
				1FA1728628D2AF6E00693B85 /* StanceIconView.swift in Sources */,
				1FF326C128CA71DA006FF2CE /* MainFeedTopic.swift in Sources */,
				1F025CB028E12F2900AA866D /* Banner.swift in Sources */,
				1F2D9FD428D36F6A00CE3008 /* ArticleWT_cell.swift in Sources */,
				1F39574F28DCDE8900DE3C07 /* CustomCollectionView.swift in Sources */,
				1FF6FBAA2912F10F00673146 /* SplitHeaderCell.swift in Sources */,
				1F70BE74291457B70061E3FA /* Search_topics.swift in Sources */,
				1F897CE328CC322900438FC5 /* Sources.swift in Sources */,
				1FA8AA3228D0D29000B6C956 /* DP_item.swift in Sources */,
				1F8EAED029085FE30015F6F6 /* BreadcrumbsView.swift in Sources */,
				1FEE16ED28C83CED0079BE54 /* TopicSelectorView.swift in Sources */,
				1F22E2E528C6590F007F00D1 /* UILabelExtension.swift in Sources */,
				1F95136128BFC64300A77AB6 /* CustomNavController.swift in Sources */,
				1F95134128BFB92E00A77AB6 /* AppDelegate.swift in Sources */,
				1FEE16EB28C833BF0079BE54 /* NavBarView.swift in Sources */,
				1FD2340429155F1700B85AE9 /* MenuView.swift in Sources */,
				1F90105C28C5ADE700A5BDC9 /* UIImageExtension.swift in Sources */,
				1F22E2E328C64BA4007F00D1 /* FloatingButton.swift in Sources */,
				1FA4CE6D28C2D39F0068DE4A /* UIDeviceExtension.swift in Sources */,
				1FD5BDEE28DC01AA003E650F /* ArticleViewController.swift in Sources */,
				1F95134328BFB92E00A77AB6 /* SceneDelegate.swift in Sources */,
				1F025CB228E133D800AA866D /* BannerCell.swift in Sources */,
				1F70BE6F2913FBD50061E3FA /* SearchViewController.swift in Sources */,
				1FA1728828D2B7AC00693B85 /* IntExtension.swift in Sources */,
				1FA4CE7728C3DAEE0068DE4A /* LoadingView.swift in Sources */,
				1F94AC5428EDF420003BB1EF /* CustomFlowLayout.swift in Sources */,
				1FA4CE7128C2D5460068DE4A /* UUID.swift in Sources */,
				1FD2340C2915A17500B85AE9 /* PrefCheckboxes_cell.swift in Sources */,
				1FA4CE6F28C2D47F0068DE4A /* BundleExtension.swift in Sources */,
				1FA8AA3828D1778F00B6C956 /* SourceIcons.swift in Sources */,
				1F3E5E3C292FC2BF00FA090B /* SourceFilterViewController.swift in Sources */,
				1FA4CE7928C3DCFB0068DE4A /* SlidersPanel.swift in Sources */,
				1FA4CE6828C286F40068DE4A /* MainFeed.swift in Sources */,
				1FA4CE6A28C2874E0068DE4A /* BaseViewController.swift in Sources */,
				1FA4CE7528C306590068DE4A /* UIViewExtension.swift in Sources */,
				1F0BFFFF28F5F2C7007280FF /* MoreCell.swift in Sources */,
				1F3E5E3E292FD24E00FA090B /* FilterTextView.swift in Sources */,
				1F897CE828CC3B0F00438FC5 /* UI_misc.swift in Sources */,
				1FF61CC028DAFC4D006DF9AC /* ArticleCI_cell.swift in Sources */,
				1F36FB0228EBF0E0002A54BC /* CGRectExtension.swift in Sources */,
				1F95136328BFC69200A77AB6 /* MainFeedViewController.swift in Sources */,
				1FA4CE7328C2DDFD0068DE4A /* ErrorExtension.swift in Sources */,
				1FA4CE6528C2865B0068DE4A /* Utils.swift in Sources */,
				1F22E2E928C6E41A007F00D1 /* MenuViewController.swift in Sources */,
				1FD2340A2915A07800B85AE9 /* Preferences_misc.swift in Sources */,
				1FDEB1C828CB7E150029831E /* Layout.swift in Sources */,
				1F2306BC291987D600755D71 /* OnOffView.swift in Sources */,
				1F897CE628CC380600438FC5 /* Json_misc.swift in Sources */,
				1F23DABB28ECAE4D009D9AB1 /* MainFeed_collectionView.swift in Sources */,
				1FF326C328CA720E006FF2CE /* MainFeedArticle.swift in Sources */,
				1FD5BDF128DC0F91003E650F /* NoInternetPopupView.swift in Sources */,
				1FA8AA3428D0D50200B6C956 /* HeaderCell.swift in Sources */,
				1F70BE712913FD940061E3FA /* SearchTextView.swift in Sources */,
				1F22E2EB28C6E5E0007F00D1 /* UINavigationControllerExtension.swift in Sources */,
				1F70BE6D2913F4F70061E3FA /* PreferencesViewController.swift in Sources */,
			);
			runOnlyForDeploymentPostprocessing = 0;
		};
/* End PBXSourcesBuildPhase section */

/* Begin PBXVariantGroup section */
		1F95134628BFB92E00A77AB6 /* Main.storyboard */ = {
			isa = PBXVariantGroup;
			children = (
				1F95134728BFB92E00A77AB6 /* Base */,
			);
			name = Main.storyboard;
			sourceTree = "<group>";
		};
		1F95134B28BFB92F00A77AB6 /* LaunchScreen.storyboard */ = {
			isa = PBXVariantGroup;
			children = (
				1F95134C28BFB92F00A77AB6 /* Base */,
			);
			name = LaunchScreen.storyboard;
			sourceTree = "<group>";
		};
/* End PBXVariantGroup section */

/* Begin XCBuildConfiguration section */
		1F95134F28BFB92F00A77AB6 /* Debug */ = {
			isa = XCBuildConfiguration;
			buildSettings = {
				ALWAYS_SEARCH_USER_PATHS = NO;
				CLANG_ANALYZER_NONNULL = YES;
				CLANG_ANALYZER_NUMBER_OBJECT_CONVERSION = YES_AGGRESSIVE;
				CLANG_CXX_LANGUAGE_STANDARD = "gnu++17";
				CLANG_ENABLE_MODULES = YES;
				CLANG_ENABLE_OBJC_ARC = YES;
				CLANG_ENABLE_OBJC_WEAK = YES;
				CLANG_WARN_BLOCK_CAPTURE_AUTORELEASING = YES;
				CLANG_WARN_BOOL_CONVERSION = YES;
				CLANG_WARN_COMMA = YES;
				CLANG_WARN_CONSTANT_CONVERSION = YES;
				CLANG_WARN_DEPRECATED_OBJC_IMPLEMENTATIONS = YES;
				CLANG_WARN_DIRECT_OBJC_ISA_USAGE = YES_ERROR;
				CLANG_WARN_DOCUMENTATION_COMMENTS = YES;
				CLANG_WARN_EMPTY_BODY = YES;
				CLANG_WARN_ENUM_CONVERSION = YES;
				CLANG_WARN_INFINITE_RECURSION = YES;
				CLANG_WARN_INT_CONVERSION = YES;
				CLANG_WARN_NON_LITERAL_NULL_CONVERSION = YES;
				CLANG_WARN_OBJC_IMPLICIT_RETAIN_SELF = YES;
				CLANG_WARN_OBJC_LITERAL_CONVERSION = YES;
				CLANG_WARN_OBJC_ROOT_CLASS = YES_ERROR;
				CLANG_WARN_QUOTED_INCLUDE_IN_FRAMEWORK_HEADER = YES;
				CLANG_WARN_RANGE_LOOP_ANALYSIS = YES;
				CLANG_WARN_STRICT_PROTOTYPES = YES;
				CLANG_WARN_SUSPICIOUS_MOVE = YES;
				CLANG_WARN_UNGUARDED_AVAILABILITY = YES_AGGRESSIVE;
				CLANG_WARN_UNREACHABLE_CODE = YES;
				CLANG_WARN__DUPLICATE_METHOD_MATCH = YES;
				COPY_PHASE_STRIP = NO;
				DEBUG_INFORMATION_FORMAT = dwarf;
				ENABLE_STRICT_OBJC_MSGSEND = YES;
				ENABLE_TESTABILITY = YES;
				GCC_C_LANGUAGE_STANDARD = gnu11;
				GCC_DYNAMIC_NO_PIC = NO;
				GCC_NO_COMMON_BLOCKS = YES;
				GCC_OPTIMIZATION_LEVEL = 0;
				GCC_PREPROCESSOR_DEFINITIONS = (
					"DEBUG=1",
					"$(inherited)",
				);
				GCC_WARN_64_TO_32_BIT_CONVERSION = YES;
				GCC_WARN_ABOUT_RETURN_TYPE = YES_ERROR;
				GCC_WARN_UNDECLARED_SELECTOR = YES;
				GCC_WARN_UNINITIALIZED_AUTOS = YES_AGGRESSIVE;
				GCC_WARN_UNUSED_FUNCTION = YES;
				GCC_WARN_UNUSED_VARIABLE = YES;
				IPHONEOS_DEPLOYMENT_TARGET = 15.5;
				MTL_ENABLE_DEBUG_INFO = INCLUDE_SOURCE;
				MTL_FAST_MATH = YES;
				ONLY_ACTIVE_ARCH = YES;
				SDKROOT = iphoneos;
				SWIFT_ACTIVE_COMPILATION_CONDITIONS = DEBUG;
				SWIFT_OPTIMIZATION_LEVEL = "-Onone";
			};
			name = Debug;
		};
		1F95135028BFB92F00A77AB6 /* App Store */ = {
			isa = XCBuildConfiguration;
			buildSettings = {
				ALWAYS_SEARCH_USER_PATHS = NO;
				CLANG_ANALYZER_NONNULL = YES;
				CLANG_ANALYZER_NUMBER_OBJECT_CONVERSION = YES_AGGRESSIVE;
				CLANG_CXX_LANGUAGE_STANDARD = "gnu++17";
				CLANG_ENABLE_MODULES = YES;
				CLANG_ENABLE_OBJC_ARC = YES;
				CLANG_ENABLE_OBJC_WEAK = YES;
				CLANG_WARN_BLOCK_CAPTURE_AUTORELEASING = YES;
				CLANG_WARN_BOOL_CONVERSION = YES;
				CLANG_WARN_COMMA = YES;
				CLANG_WARN_CONSTANT_CONVERSION = YES;
				CLANG_WARN_DEPRECATED_OBJC_IMPLEMENTATIONS = YES;
				CLANG_WARN_DIRECT_OBJC_ISA_USAGE = YES_ERROR;
				CLANG_WARN_DOCUMENTATION_COMMENTS = YES;
				CLANG_WARN_EMPTY_BODY = YES;
				CLANG_WARN_ENUM_CONVERSION = YES;
				CLANG_WARN_INFINITE_RECURSION = YES;
				CLANG_WARN_INT_CONVERSION = YES;
				CLANG_WARN_NON_LITERAL_NULL_CONVERSION = YES;
				CLANG_WARN_OBJC_IMPLICIT_RETAIN_SELF = YES;
				CLANG_WARN_OBJC_LITERAL_CONVERSION = YES;
				CLANG_WARN_OBJC_ROOT_CLASS = YES_ERROR;
				CLANG_WARN_QUOTED_INCLUDE_IN_FRAMEWORK_HEADER = YES;
				CLANG_WARN_RANGE_LOOP_ANALYSIS = YES;
				CLANG_WARN_STRICT_PROTOTYPES = YES;
				CLANG_WARN_SUSPICIOUS_MOVE = YES;
				CLANG_WARN_UNGUARDED_AVAILABILITY = YES_AGGRESSIVE;
				CLANG_WARN_UNREACHABLE_CODE = YES;
				CLANG_WARN__DUPLICATE_METHOD_MATCH = YES;
				COPY_PHASE_STRIP = NO;
				DEBUG_INFORMATION_FORMAT = "dwarf-with-dsym";
				ENABLE_NS_ASSERTIONS = NO;
				ENABLE_STRICT_OBJC_MSGSEND = YES;
				GCC_C_LANGUAGE_STANDARD = gnu11;
				GCC_NO_COMMON_BLOCKS = YES;
				GCC_WARN_64_TO_32_BIT_CONVERSION = YES;
				GCC_WARN_ABOUT_RETURN_TYPE = YES_ERROR;
				GCC_WARN_UNDECLARED_SELECTOR = YES;
				GCC_WARN_UNINITIALIZED_AUTOS = YES_AGGRESSIVE;
				GCC_WARN_UNUSED_FUNCTION = YES;
				GCC_WARN_UNUSED_VARIABLE = YES;
				IPHONEOS_DEPLOYMENT_TARGET = 15.5;
				MTL_ENABLE_DEBUG_INFO = NO;
				MTL_FAST_MATH = YES;
				SDKROOT = iphoneos;
				SWIFT_COMPILATION_MODE = wholemodule;
				SWIFT_OPTIMIZATION_LEVEL = "-O";
				VALIDATE_PRODUCT = YES;
			};
			name = "App Store";
		};
		1F95135228BFB92F00A77AB6 /* Debug */ = {
			isa = XCBuildConfiguration;
			baseConfigurationReference = 8D5B46307AEDFAA8CAB0BA84 /* Pods-ImproveTheNews.debug.xcconfig */;
			buildSettings = {
				API_BASE_URL = "https://www.improvemynews.com";
				ASSETCATALOG_COMPILER_APPICON_NAME = "AppIcon-Beta";
				ASSETCATALOG_COMPILER_GLOBAL_ACCENT_COLOR_NAME = AccentColor;
				CODE_SIGN_STYLE = Automatic;
				CURRENT_PROJECT_VERSION = 5;
				DEVELOPMENT_TEAM = U7V2C7L759;
				GENERATE_INFOPLIST_FILE = YES;
				INFOPLIST_FILE = ImproveTheNews/app/Info.plist;
				INFOPLIST_KEY_CFBundleDisplayName = "ITN Revamp";
				INFOPLIST_KEY_UIApplicationSupportsIndirectInputEvents = YES;
				INFOPLIST_KEY_UILaunchStoryboardName = LaunchScreen;
				INFOPLIST_KEY_UIMainStoryboardFile = Main;
				INFOPLIST_KEY_UIRequiresFullScreen = NO;
				INFOPLIST_KEY_UISupportedInterfaceOrientations = UIInterfaceOrientationPortrait;
				INFOPLIST_KEY_UISupportedInterfaceOrientations_iPad = "UIInterfaceOrientationLandscapeLeft UIInterfaceOrientationLandscapeRight UIInterfaceOrientationPortrait UIInterfaceOrientationPortraitUpsideDown";
				IPHONEOS_DEPLOYMENT_TARGET = 13.0;
				LD_RUNPATH_SEARCH_PATHS = (
					"$(inherited)",
					"@executable_path/Frameworks",
				);
				MARKETING_VERSION = 2.0;
				PRODUCT_BUNDLE_IDENTIFIER = "com.ITNFoundation.ITN-revamp";
				PRODUCT_NAME = "$(TARGET_NAME)";
				SUPPORTED_PLATFORMS = "iphoneos iphonesimulator macosx";
				SUPPORTS_MACCATALYST = NO;
				SUPPORTS_MAC_DESIGNED_FOR_IPHONE_IPAD = NO;
				SWIFT_EMIT_LOC_STRINGS = YES;
				SWIFT_VERSION = 5.0;
				TARGETED_DEVICE_FAMILY = "1,2";
			};
			name = Debug;
		};
		1F95135328BFB92F00A77AB6 /* App Store */ = {
			isa = XCBuildConfiguration;
			baseConfigurationReference = B038FC5F8D4A9F9F2CF291F0 /* Pods-ImproveTheNews.app store.xcconfig */;
			buildSettings = {
				API_BASE_URL = "https://www.improvethenews.org";
				ASSETCATALOG_COMPILER_APPICON_NAME = AppIcon;
				ASSETCATALOG_COMPILER_GLOBAL_ACCENT_COLOR_NAME = AccentColor;
				CODE_SIGN_STYLE = Automatic;
				CURRENT_PROJECT_VERSION = 5;
				DEVELOPMENT_TEAM = U7V2C7L759;
				GENERATE_INFOPLIST_FILE = YES;
				INFOPLIST_FILE = ImproveTheNews/app/Info.plist;
				INFOPLIST_KEY_CFBundleDisplayName = ITN;
				INFOPLIST_KEY_UIApplicationSupportsIndirectInputEvents = YES;
				INFOPLIST_KEY_UILaunchStoryboardName = LaunchScreen;
				INFOPLIST_KEY_UIMainStoryboardFile = Main;
				INFOPLIST_KEY_UIRequiresFullScreen = NO;
				INFOPLIST_KEY_UISupportedInterfaceOrientations = UIInterfaceOrientationPortrait;
				INFOPLIST_KEY_UISupportedInterfaceOrientations_iPad = "UIInterfaceOrientationLandscapeLeft UIInterfaceOrientationLandscapeRight UIInterfaceOrientationPortrait UIInterfaceOrientationPortraitUpsideDown";
				IPHONEOS_DEPLOYMENT_TARGET = 13.0;
				LD_RUNPATH_SEARCH_PATHS = (
					"$(inherited)",
					"@executable_path/Frameworks",
				);
				MARKETING_VERSION = 2.0;
				PRODUCT_BUNDLE_IDENTIFIER = com.ITNFoundation.ITNaggregator;
				PRODUCT_NAME = "$(TARGET_NAME)";
				SUPPORTED_PLATFORMS = "iphoneos iphonesimulator macosx";
				SUPPORTS_MACCATALYST = NO;
				SUPPORTS_MAC_DESIGNED_FOR_IPHONE_IPAD = NO;
				SWIFT_EMIT_LOC_STRINGS = YES;
				SWIFT_VERSION = 5.0;
				TARGETED_DEVICE_FAMILY = "1,2";
			};
			name = "App Store";
		};
		1F95135B28BFC2D900A77AB6 /* Beta */ = {
			isa = XCBuildConfiguration;
			buildSettings = {
				ALWAYS_SEARCH_USER_PATHS = NO;
				CLANG_ANALYZER_NONNULL = YES;
				CLANG_ANALYZER_NUMBER_OBJECT_CONVERSION = YES_AGGRESSIVE;
				CLANG_CXX_LANGUAGE_STANDARD = "gnu++17";
				CLANG_ENABLE_MODULES = YES;
				CLANG_ENABLE_OBJC_ARC = YES;
				CLANG_ENABLE_OBJC_WEAK = YES;
				CLANG_WARN_BLOCK_CAPTURE_AUTORELEASING = YES;
				CLANG_WARN_BOOL_CONVERSION = YES;
				CLANG_WARN_COMMA = YES;
				CLANG_WARN_CONSTANT_CONVERSION = YES;
				CLANG_WARN_DEPRECATED_OBJC_IMPLEMENTATIONS = YES;
				CLANG_WARN_DIRECT_OBJC_ISA_USAGE = YES_ERROR;
				CLANG_WARN_DOCUMENTATION_COMMENTS = YES;
				CLANG_WARN_EMPTY_BODY = YES;
				CLANG_WARN_ENUM_CONVERSION = YES;
				CLANG_WARN_INFINITE_RECURSION = YES;
				CLANG_WARN_INT_CONVERSION = YES;
				CLANG_WARN_NON_LITERAL_NULL_CONVERSION = YES;
				CLANG_WARN_OBJC_IMPLICIT_RETAIN_SELF = YES;
				CLANG_WARN_OBJC_LITERAL_CONVERSION = YES;
				CLANG_WARN_OBJC_ROOT_CLASS = YES_ERROR;
				CLANG_WARN_QUOTED_INCLUDE_IN_FRAMEWORK_HEADER = YES;
				CLANG_WARN_RANGE_LOOP_ANALYSIS = YES;
				CLANG_WARN_STRICT_PROTOTYPES = YES;
				CLANG_WARN_SUSPICIOUS_MOVE = YES;
				CLANG_WARN_UNGUARDED_AVAILABILITY = YES_AGGRESSIVE;
				CLANG_WARN_UNREACHABLE_CODE = YES;
				CLANG_WARN__DUPLICATE_METHOD_MATCH = YES;
				COPY_PHASE_STRIP = NO;
				DEBUG_INFORMATION_FORMAT = "dwarf-with-dsym";
				ENABLE_NS_ASSERTIONS = NO;
				ENABLE_STRICT_OBJC_MSGSEND = YES;
				GCC_C_LANGUAGE_STANDARD = gnu11;
				GCC_NO_COMMON_BLOCKS = YES;
				GCC_WARN_64_TO_32_BIT_CONVERSION = YES;
				GCC_WARN_ABOUT_RETURN_TYPE = YES_ERROR;
				GCC_WARN_UNDECLARED_SELECTOR = YES;
				GCC_WARN_UNINITIALIZED_AUTOS = YES_AGGRESSIVE;
				GCC_WARN_UNUSED_FUNCTION = YES;
				GCC_WARN_UNUSED_VARIABLE = YES;
				IPHONEOS_DEPLOYMENT_TARGET = 15.5;
				MTL_ENABLE_DEBUG_INFO = NO;
				MTL_FAST_MATH = YES;
				SDKROOT = iphoneos;
				SWIFT_COMPILATION_MODE = wholemodule;
				SWIFT_OPTIMIZATION_LEVEL = "-O";
				VALIDATE_PRODUCT = YES;
			};
			name = Beta;
		};
		1F95135C28BFC2D900A77AB6 /* Beta */ = {
			isa = XCBuildConfiguration;
			baseConfigurationReference = C5FE7FE8A9666767DA91A834 /* Pods-ImproveTheNews.beta.xcconfig */;
			buildSettings = {
				API_BASE_URL = "https://www.improvemynews.com";
				ASSETCATALOG_COMPILER_APPICON_NAME = "AppIcon-Beta";
				ASSETCATALOG_COMPILER_GLOBAL_ACCENT_COLOR_NAME = AccentColor;
				CODE_SIGN_STYLE = Automatic;
				CURRENT_PROJECT_VERSION = 5;
				DEVELOPMENT_TEAM = U7V2C7L759;
				GENERATE_INFOPLIST_FILE = YES;
				INFOPLIST_FILE = ImproveTheNews/app/Info.plist;
				INFOPLIST_KEY_CFBundleDisplayName = "ITN Revamp";
				INFOPLIST_KEY_UIApplicationSupportsIndirectInputEvents = YES;
				INFOPLIST_KEY_UILaunchStoryboardName = LaunchScreen;
				INFOPLIST_KEY_UIMainStoryboardFile = Main;
				INFOPLIST_KEY_UIRequiresFullScreen = NO;
				INFOPLIST_KEY_UISupportedInterfaceOrientations = UIInterfaceOrientationPortrait;
				INFOPLIST_KEY_UISupportedInterfaceOrientations_iPad = "UIInterfaceOrientationLandscapeLeft UIInterfaceOrientationLandscapeRight UIInterfaceOrientationPortrait UIInterfaceOrientationPortraitUpsideDown";
				IPHONEOS_DEPLOYMENT_TARGET = 13.0;
				LD_RUNPATH_SEARCH_PATHS = (
					"$(inherited)",
					"@executable_path/Frameworks",
				);
				MARKETING_VERSION = 2.0;
				PRODUCT_BUNDLE_IDENTIFIER = "com.ITNFoundation.ITN-revamp";
				PRODUCT_NAME = "$(TARGET_NAME)";
				SUPPORTED_PLATFORMS = "iphoneos iphonesimulator macosx";
				SUPPORTS_MACCATALYST = NO;
				SUPPORTS_MAC_DESIGNED_FOR_IPHONE_IPAD = NO;
				SWIFT_EMIT_LOC_STRINGS = YES;
				SWIFT_VERSION = 5.0;
				TARGETED_DEVICE_FAMILY = "1,2";
			};
			name = Beta;
		};
/* End XCBuildConfiguration section */

/* Begin XCConfigurationList section */
		1F95133828BFB92E00A77AB6 /* Build configuration list for PBXProject "ImproveTheNews" */ = {
			isa = XCConfigurationList;
			buildConfigurations = (
				1F95134F28BFB92F00A77AB6 /* Debug */,
				1F95135028BFB92F00A77AB6 /* App Store */,
				1F95135B28BFC2D900A77AB6 /* Beta */,
			);
			defaultConfigurationIsVisible = 0;
			defaultConfigurationName = "App Store";
		};
		1F95135128BFB92F00A77AB6 /* Build configuration list for PBXNativeTarget "ImproveTheNews" */ = {
			isa = XCConfigurationList;
			buildConfigurations = (
				1F95135228BFB92F00A77AB6 /* Debug */,
				1F95135328BFB92F00A77AB6 /* App Store */,
				1F95135C28BFC2D900A77AB6 /* Beta */,
			);
			defaultConfigurationIsVisible = 0;
			defaultConfigurationName = "App Store";
		};
/* End XCConfigurationList section */
	};
	rootObject = 1F95133528BFB92E00A77AB6 /* Project object */;
}
