// !$*UTF8*$!
{
	archiveVersion = 1;
	classes = {
	};
	objectVersion = 55;
	objects = {

/* Begin PBXBuildFile section */
		1F95134128BFB92E00A77AB6 /* AppDelegate.swift in Sources */ = {isa = PBXBuildFile; fileRef = 1F95134028BFB92E00A77AB6 /* AppDelegate.swift */; };
		1F95134328BFB92E00A77AB6 /* SceneDelegate.swift in Sources */ = {isa = PBXBuildFile; fileRef = 1F95134228BFB92E00A77AB6 /* SceneDelegate.swift */; };
		1F95134528BFB92E00A77AB6 /* ViewController.swift in Sources */ = {isa = PBXBuildFile; fileRef = 1F95134428BFB92E00A77AB6 /* ViewController.swift */; };
		1F95134828BFB92E00A77AB6 /* Main.storyboard in Resources */ = {isa = PBXBuildFile; fileRef = 1F95134628BFB92E00A77AB6 /* Main.storyboard */; };
		1F95134A28BFB92F00A77AB6 /* Assets.xcassets in Resources */ = {isa = PBXBuildFile; fileRef = 1F95134928BFB92F00A77AB6 /* Assets.xcassets */; };
		1F95134D28BFB92F00A77AB6 /* LaunchScreen.storyboard in Resources */ = {isa = PBXBuildFile; fileRef = 1F95134B28BFB92F00A77AB6 /* LaunchScreen.storyboard */; };
		1F95135828BFB9D300A77AB6 /* notes.txt in Resources */ = {isa = PBXBuildFile; fileRef = 1F95135728BFB9D300A77AB6 /* notes.txt */; };
/* End PBXBuildFile section */

/* Begin PBXFileReference section */
		1F95133D28BFB92E00A77AB6 /* ImproveTheNews.app */ = {isa = PBXFileReference; explicitFileType = wrapper.application; includeInIndex = 0; path = ImproveTheNews.app; sourceTree = BUILT_PRODUCTS_DIR; };
		1F95134028BFB92E00A77AB6 /* AppDelegate.swift */ = {isa = PBXFileReference; lastKnownFileType = sourcecode.swift; path = AppDelegate.swift; sourceTree = "<group>"; };
		1F95134228BFB92E00A77AB6 /* SceneDelegate.swift */ = {isa = PBXFileReference; lastKnownFileType = sourcecode.swift; path = SceneDelegate.swift; sourceTree = "<group>"; };
		1F95134428BFB92E00A77AB6 /* ViewController.swift */ = {isa = PBXFileReference; lastKnownFileType = sourcecode.swift; path = ViewController.swift; sourceTree = "<group>"; };
		1F95134728BFB92E00A77AB6 /* Base */ = {isa = PBXFileReference; lastKnownFileType = file.storyboard; name = Base; path = Base.lproj/Main.storyboard; sourceTree = "<group>"; };
		1F95134928BFB92F00A77AB6 /* Assets.xcassets */ = {isa = PBXFileReference; lastKnownFileType = folder.assetcatalog; path = Assets.xcassets; sourceTree = "<group>"; };
		1F95134C28BFB92F00A77AB6 /* Base */ = {isa = PBXFileReference; lastKnownFileType = file.storyboard; name = Base; path = Base.lproj/LaunchScreen.storyboard; sourceTree = "<group>"; };
		1F95134E28BFB92F00A77AB6 /* Info.plist */ = {isa = PBXFileReference; lastKnownFileType = text.plist.xml; path = Info.plist; sourceTree = "<group>"; };
		1F95135728BFB9D300A77AB6 /* notes.txt */ = {isa = PBXFileReference; lastKnownFileType = text; path = notes.txt; sourceTree = "<group>"; };
/* End PBXFileReference section */

/* Begin PBXFrameworksBuildPhase section */
		1F95133A28BFB92E00A77AB6 /* Frameworks */ = {
			isa = PBXFrameworksBuildPhase;
			buildActionMask = 2147483647;
			files = (
			);
			runOnlyForDeploymentPostprocessing = 0;
		};
/* End PBXFrameworksBuildPhase section */

/* Begin PBXGroup section */
		1F95133428BFB92E00A77AB6 = {
			isa = PBXGroup;
			children = (
				1F95133F28BFB92E00A77AB6 /* ImproveTheNews */,
				1F95133E28BFB92E00A77AB6 /* Products */,
			);
			sourceTree = "<group>";
		};
		1F95133E28BFB92E00A77AB6 /* Products */ = {
			isa = PBXGroup;
			children = (
				1F95133D28BFB92E00A77AB6 /* ImproveTheNews.app */,
			);
			name = Products;
			sourceTree = "<group>";
		};
		1F95133F28BFB92E00A77AB6 /* ImproveTheNews */ = {
			isa = PBXGroup;
			children = (
				1F95135428BFB95000A77AB6 /* app */,
				1F95135628BFB97C00A77AB6 /* viewControllers */,
				1F95135528BFB96F00A77AB6 /* resources */,
				1F95135728BFB9D300A77AB6 /* notes.txt */,
			);
			path = ImproveTheNews;
			sourceTree = "<group>";
		};
		1F95135428BFB95000A77AB6 /* app */ = {
			isa = PBXGroup;
			children = (
				1F95134028BFB92E00A77AB6 /* AppDelegate.swift */,
				1F95134228BFB92E00A77AB6 /* SceneDelegate.swift */,
				1F95134928BFB92F00A77AB6 /* Assets.xcassets */,
				1F95134E28BFB92F00A77AB6 /* Info.plist */,
			);
			path = app;
			sourceTree = "<group>";
		};
		1F95135528BFB96F00A77AB6 /* resources */ = {
			isa = PBXGroup;
			children = (
				1F95134B28BFB92F00A77AB6 /* LaunchScreen.storyboard */,
				1F95134628BFB92E00A77AB6 /* Main.storyboard */,
			);
			path = resources;
			sourceTree = "<group>";
		};
		1F95135628BFB97C00A77AB6 /* viewControllers */ = {
			isa = PBXGroup;
			children = (
				1F95134428BFB92E00A77AB6 /* ViewController.swift */,
			);
			path = viewControllers;
			sourceTree = "<group>";
		};
/* End PBXGroup section */

/* Begin PBXNativeTarget section */
		1F95133C28BFB92E00A77AB6 /* ImproveTheNews */ = {
			isa = PBXNativeTarget;
			buildConfigurationList = 1F95135128BFB92F00A77AB6 /* Build configuration list for PBXNativeTarget "ImproveTheNews" */;
			buildPhases = (
				1F95133928BFB92E00A77AB6 /* Sources */,
				1F95133A28BFB92E00A77AB6 /* Frameworks */,
				1F95133B28BFB92E00A77AB6 /* Resources */,
			);
			buildRules = (
			);
			dependencies = (
			);
			name = ImproveTheNews;
			productName = ImproveTheNews;
			productReference = 1F95133D28BFB92E00A77AB6 /* ImproveTheNews.app */;
			productType = "com.apple.product-type.application";
		};
/* End PBXNativeTarget section */

/* Begin PBXProject section */
		1F95133528BFB92E00A77AB6 /* Project object */ = {
			isa = PBXProject;
			attributes = {
				BuildIndependentTargetsInParallel = 1;
				LastSwiftUpdateCheck = 1340;
				LastUpgradeCheck = 1340;
				TargetAttributes = {
					1F95133C28BFB92E00A77AB6 = {
						CreatedOnToolsVersion = 13.4.1;
					};
				};
			};
			buildConfigurationList = 1F95133828BFB92E00A77AB6 /* Build configuration list for PBXProject "ImproveTheNews" */;
			compatibilityVersion = "Xcode 13.0";
			developmentRegion = en;
			hasScannedForEncodings = 0;
			knownRegions = (
				en,
				Base,
			);
			mainGroup = 1F95133428BFB92E00A77AB6;
			productRefGroup = 1F95133E28BFB92E00A77AB6 /* Products */;
			projectDirPath = "";
			projectRoot = "";
			targets = (
				1F95133C28BFB92E00A77AB6 /* ImproveTheNews */,
			);
		};
/* End PBXProject section */

/* Begin PBXResourcesBuildPhase section */
		1F95133B28BFB92E00A77AB6 /* Resources */ = {
			isa = PBXResourcesBuildPhase;
			buildActionMask = 2147483647;
			files = (
				1F95135828BFB9D300A77AB6 /* notes.txt in Resources */,
				1F95134D28BFB92F00A77AB6 /* LaunchScreen.storyboard in Resources */,
				1F95134A28BFB92F00A77AB6 /* Assets.xcassets in Resources */,
				1F95134828BFB92E00A77AB6 /* Main.storyboard in Resources */,
			);
			runOnlyForDeploymentPostprocessing = 0;
		};
/* End PBXResourcesBuildPhase section */

/* Begin PBXSourcesBuildPhase section */
		1F95133928BFB92E00A77AB6 /* Sources */ = {
			isa = PBXSourcesBuildPhase;
			buildActionMask = 2147483647;
			files = (
				1F95134528BFB92E00A77AB6 /* ViewController.swift in Sources */,
				1F95134128BFB92E00A77AB6 /* AppDelegate.swift in Sources */,
				1F95134328BFB92E00A77AB6 /* SceneDelegate.swift in Sources */,
			);
			runOnlyForDeploymentPostprocessing = 0;
		};
/* End PBXSourcesBuildPhase section */

/* Begin PBXVariantGroup section */
		1F95134628BFB92E00A77AB6 /* Main.storyboard */ = {
			isa = PBXVariantGroup;
			children = (
				1F95134728BFB92E00A77AB6 /* Base */,
			);
			name = Main.storyboard;
			sourceTree = "<group>";
		};
		1F95134B28BFB92F00A77AB6 /* LaunchScreen.storyboard */ = {
			isa = PBXVariantGroup;
			children = (
				1F95134C28BFB92F00A77AB6 /* Base */,
			);
			name = LaunchScreen.storyboard;
			sourceTree = "<group>";
		};
/* End PBXVariantGroup section */

/* Begin XCBuildConfiguration section */
		1F95134F28BFB92F00A77AB6 /* Debug */ = {
			isa = XCBuildConfiguration;
			buildSettings = {
				ALWAYS_SEARCH_USER_PATHS = NO;
				CLANG_ANALYZER_NONNULL = YES;
				CLANG_ANALYZER_NUMBER_OBJECT_CONVERSION = YES_AGGRESSIVE;
				CLANG_CXX_LANGUAGE_STANDARD = "gnu++17";
				CLANG_ENABLE_MODULES = YES;
				CLANG_ENABLE_OBJC_ARC = YES;
				CLANG_ENABLE_OBJC_WEAK = YES;
				CLANG_WARN_BLOCK_CAPTURE_AUTORELEASING = YES;
				CLANG_WARN_BOOL_CONVERSION = YES;
				CLANG_WARN_COMMA = YES;
				CLANG_WARN_CONSTANT_CONVERSION = YES;
				CLANG_WARN_DEPRECATED_OBJC_IMPLEMENTATIONS = YES;
				CLANG_WARN_DIRECT_OBJC_ISA_USAGE = YES_ERROR;
				CLANG_WARN_DOCUMENTATION_COMMENTS = YES;
				CLANG_WARN_EMPTY_BODY = YES;
				CLANG_WARN_ENUM_CONVERSION = YES;
				CLANG_WARN_INFINITE_RECURSION = YES;
				CLANG_WARN_INT_CONVERSION = YES;
				CLANG_WARN_NON_LITERAL_NULL_CONVERSION = YES;
				CLANG_WARN_OBJC_IMPLICIT_RETAIN_SELF = YES;
				CLANG_WARN_OBJC_LITERAL_CONVERSION = YES;
				CLANG_WARN_OBJC_ROOT_CLASS = YES_ERROR;
				CLANG_WARN_QUOTED_INCLUDE_IN_FRAMEWORK_HEADER = YES;
				CLANG_WARN_RANGE_LOOP_ANALYSIS = YES;
				CLANG_WARN_STRICT_PROTOTYPES = YES;
				CLANG_WARN_SUSPICIOUS_MOVE = YES;
				CLANG_WARN_UNGUARDED_AVAILABILITY = YES_AGGRESSIVE;
				CLANG_WARN_UNREACHABLE_CODE = YES;
				CLANG_WARN__DUPLICATE_METHOD_MATCH = YES;
				COPY_PHASE_STRIP = NO;
				DEBUG_INFORMATION_FORMAT = dwarf;
				ENABLE_STRICT_OBJC_MSGSEND = YES;
				ENABLE_TESTABILITY = YES;
				GCC_C_LANGUAGE_STANDARD = gnu11;
				GCC_DYNAMIC_NO_PIC = NO;
				GCC_NO_COMMON_BLOCKS = YES;
				GCC_OPTIMIZATION_LEVEL = 0;
				GCC_PREPROCESSOR_DEFINITIONS = (
					"DEBUG=1",
					"$(inherited)",
				);
				GCC_WARN_64_TO_32_BIT_CONVERSION = YES;
				GCC_WARN_ABOUT_RETURN_TYPE = YES_ERROR;
				GCC_WARN_UNDECLARED_SELECTOR = YES;
				GCC_WARN_UNINITIALIZED_AUTOS = YES_AGGRESSIVE;
				GCC_WARN_UNUSED_FUNCTION = YES;
				GCC_WARN_UNUSED_VARIABLE = YES;
				IPHONEOS_DEPLOYMENT_TARGET = 15.5;
				MTL_ENABLE_DEBUG_INFO = INCLUDE_SOURCE;
				MTL_FAST_MATH = YES;
				ONLY_ACTIVE_ARCH = YES;
				SDKROOT = iphoneos;
				SWIFT_ACTIVE_COMPILATION_CONDITIONS = DEBUG;
				SWIFT_OPTIMIZATION_LEVEL = "-Onone";
			};
			name = Debug;
		};
		1F95135028BFB92F00A77AB6 /* Release */ = {
			isa = XCBuildConfiguration;
			buildSettings = {
				ALWAYS_SEARCH_USER_PATHS = NO;
				CLANG_ANALYZER_NONNULL = YES;
				CLANG_ANALYZER_NUMBER_OBJECT_CONVERSION = YES_AGGRESSIVE;
				CLANG_CXX_LANGUAGE_STANDARD = "gnu++17";
				CLANG_ENABLE_MODULES = YES;
				CLANG_ENABLE_OBJC_ARC = YES;
				CLANG_ENABLE_OBJC_WEAK = YES;
				CLANG_WARN_BLOCK_CAPTURE_AUTORELEASING = YES;
				CLANG_WARN_BOOL_CONVERSION = YES;
				CLANG_WARN_COMMA = YES;
				CLANG_WARN_CONSTANT_CONVERSION = YES;
				CLANG_WARN_DEPRECATED_OBJC_IMPLEMENTATIONS = YES;
				CLANG_WARN_DIRECT_OBJC_ISA_USAGE = YES_ERROR;
				CLANG_WARN_DOCUMENTATION_COMMENTS = YES;
				CLANG_WARN_EMPTY_BODY = YES;
				CLANG_WARN_ENUM_CONVERSION = YES;
				CLANG_WARN_INFINITE_RECURSION = YES;
				CLANG_WARN_INT_CONVERSION = YES;
				CLANG_WARN_NON_LITERAL_NULL_CONVERSION = YES;
				CLANG_WARN_OBJC_IMPLICIT_RETAIN_SELF = YES;
				CLANG_WARN_OBJC_LITERAL_CONVERSION = YES;
				CLANG_WARN_OBJC_ROOT_CLASS = YES_ERROR;
				CLANG_WARN_QUOTED_INCLUDE_IN_FRAMEWORK_HEADER = YES;
				CLANG_WARN_RANGE_LOOP_ANALYSIS = YES;
				CLANG_WARN_STRICT_PROTOTYPES = YES;
				CLANG_WARN_SUSPICIOUS_MOVE = YES;
				CLANG_WARN_UNGUARDED_AVAILABILITY = YES_AGGRESSIVE;
				CLANG_WARN_UNREACHABLE_CODE = YES;
				CLANG_WARN__DUPLICATE_METHOD_MATCH = YES;
				COPY_PHASE_STRIP = NO;
				DEBUG_INFORMATION_FORMAT = "dwarf-with-dsym";
				ENABLE_NS_ASSERTIONS = NO;
				ENABLE_STRICT_OBJC_MSGSEND = YES;
				GCC_C_LANGUAGE_STANDARD = gnu11;
				GCC_NO_COMMON_BLOCKS = YES;
				GCC_WARN_64_TO_32_BIT_CONVERSION = YES;
				GCC_WARN_ABOUT_RETURN_TYPE = YES_ERROR;
				GCC_WARN_UNDECLARED_SELECTOR = YES;
				GCC_WARN_UNINITIALIZED_AUTOS = YES_AGGRESSIVE;
				GCC_WARN_UNUSED_FUNCTION = YES;
				GCC_WARN_UNUSED_VARIABLE = YES;
				IPHONEOS_DEPLOYMENT_TARGET = 15.5;
				MTL_ENABLE_DEBUG_INFO = NO;
				MTL_FAST_MATH = YES;
				SDKROOT = iphoneos;
				SWIFT_COMPILATION_MODE = wholemodule;
				SWIFT_OPTIMIZATION_LEVEL = "-O";
				VALIDATE_PRODUCT = YES;
			};
			name = Release;
		};
		1F95135228BFB92F00A77AB6 /* Debug */ = {
			isa = XCBuildConfiguration;
			buildSettings = {
				ASSETCATALOG_COMPILER_APPICON_NAME = AppIcon;
				ASSETCATALOG_COMPILER_GLOBAL_ACCENT_COLOR_NAME = AccentColor;
				CODE_SIGN_STYLE = Automatic;
				CURRENT_PROJECT_VERSION = 1;
				DEVELOPMENT_TEAM = U7V2C7L759;
				GENERATE_INFOPLIST_FILE = YES;
				INFOPLIST_FILE = ImproveTheNews/app/Info.plist;
				INFOPLIST_KEY_CFBundleDisplayName = "ITN Debug";
				INFOPLIST_KEY_UIApplicationSupportsIndirectInputEvents = YES;
				INFOPLIST_KEY_UILaunchStoryboardName = LaunchScreen;
				INFOPLIST_KEY_UIMainStoryboardFile = Main;
				INFOPLIST_KEY_UIRequiresFullScreen = NO;
				INFOPLIST_KEY_UISupportedInterfaceOrientations_iPad = "UIInterfaceOrientationPortrait UIInterfaceOrientationPortraitUpsideDown UIInterfaceOrientationLandscapeLeft UIInterfaceOrientationLandscapeRight";
				INFOPLIST_KEY_UISupportedInterfaceOrientations_iPhone = "UIInterfaceOrientationPortrait UIInterfaceOrientationLandscapeLeft UIInterfaceOrientationLandscapeRight";
				LD_RUNPATH_SEARCH_PATHS = (
					"$(inherited)",
					"@executable_path/Frameworks",
				);
				MARKETING_VERSION = 2.0;
				PRODUCT_BUNDLE_IDENTIFIER = "com.ITNFoundation.ITN-beta";
				PRODUCT_NAME = "$(TARGET_NAME)";
				SWIFT_EMIT_LOC_STRINGS = YES;
				SWIFT_VERSION = 5.0;
				TARGETED_DEVICE_FAMILY = "1,2";
			};
			name = Debug;
		};
		1F95135328BFB92F00A77AB6 /* Release */ = {
			isa = XCBuildConfiguration;
			buildSettings = {
				ASSETCATALOG_COMPILER_APPICON_NAME = AppIcon;
				ASSETCATALOG_COMPILER_GLOBAL_ACCENT_COLOR_NAME = AccentColor;
				CODE_SIGN_STYLE = Automatic;
				CURRENT_PROJECT_VERSION = 1;
				DEVELOPMENT_TEAM = U7V2C7L759;
				GENERATE_INFOPLIST_FILE = YES;
				INFOPLIST_FILE = ImproveTheNews/app/Info.plist;
				INFOPLIST_KEY_CFBundleDisplayName = "ITN Debug";
				INFOPLIST_KEY_UIApplicationSupportsIndirectInputEvents = YES;
				INFOPLIST_KEY_UILaunchStoryboardName = LaunchScreen;
				INFOPLIST_KEY_UIMainStoryboardFile = Main;
				INFOPLIST_KEY_UIRequiresFullScreen = NO;
				INFOPLIST_KEY_UISupportedInterfaceOrientations_iPad = "UIInterfaceOrientationPortrait UIInterfaceOrientationPortraitUpsideDown UIInterfaceOrientationLandscapeLeft UIInterfaceOrientationLandscapeRight";
				INFOPLIST_KEY_UISupportedInterfaceOrientations_iPhone = "UIInterfaceOrientationPortrait UIInterfaceOrientationLandscapeLeft UIInterfaceOrientationLandscapeRight";
				LD_RUNPATH_SEARCH_PATHS = (
					"$(inherited)",
					"@executable_path/Frameworks",
				);
				MARKETING_VERSION = 2.0;
				PRODUCT_BUNDLE_IDENTIFIER = "com.ITNFoundation.ITN-beta";
				PRODUCT_NAME = "$(TARGET_NAME)";
				SWIFT_EMIT_LOC_STRINGS = YES;
				SWIFT_VERSION = 5.0;
				TARGETED_DEVICE_FAMILY = "1,2";
			};
			name = Release;
		};
/* End XCBuildConfiguration section */

/* Begin XCConfigurationList section */
		1F95133828BFB92E00A77AB6 /* Build configuration list for PBXProject "ImproveTheNews" */ = {
			isa = XCConfigurationList;
			buildConfigurations = (
				1F95134F28BFB92F00A77AB6 /* Debug */,
				1F95135028BFB92F00A77AB6 /* Release */,
			);
			defaultConfigurationIsVisible = 0;
			defaultConfigurationName = Release;
		};
		1F95135128BFB92F00A77AB6 /* Build configuration list for PBXNativeTarget "ImproveTheNews" */ = {
			isa = XCConfigurationList;
			buildConfigurations = (
				1F95135228BFB92F00A77AB6 /* Debug */,
				1F95135328BFB92F00A77AB6 /* Release */,
			);
			defaultConfigurationIsVisible = 0;
			defaultConfigurationName = Release;
		};
/* End XCConfigurationList section */
	};
	rootObject = 1F95133528BFB92E00A77AB6 /* Project object */;
}
