// !$*UTF8*$!
{
	archiveVersion = 1;
	classes = {
	};
	objectVersion = 55;
	objects = {

/* Begin PBXBuildFile section */
		1F22E2E328C64BA4007F00D1 /* FloatingButton.swift in Sources */ = {isa = PBXBuildFile; fileRef = 1F22E2E228C64BA4007F00D1 /* FloatingButton.swift */; };
		1F22E2E528C6590F007F00D1 /* UILabelExtension.swift in Sources */ = {isa = PBXBuildFile; fileRef = 1F22E2E428C6590F007F00D1 /* UILabelExtension.swift */; };
		1F22E2E728C65CF4007F00D1 /* DisplayMode.swift in Sources */ = {isa = PBXBuildFile; fileRef = 1F22E2E628C65CF4007F00D1 /* DisplayMode.swift */; };
		1F22E2E928C6E41A007F00D1 /* MenuViewController.swift in Sources */ = {isa = PBXBuildFile; fileRef = 1F22E2E828C6E41A007F00D1 /* MenuViewController.swift */; };
		1F22E2EB28C6E5E0007F00D1 /* UINavigationControllerExtension.swift in Sources */ = {isa = PBXBuildFile; fileRef = 1F22E2EA28C6E5E0007F00D1 /* UINavigationControllerExtension.swift */; };
		1F90104728C583D600A5BDC9 /* LocalKeys.swift in Sources */ = {isa = PBXBuildFile; fileRef = 1F90104628C583D600A5BDC9 /* LocalKeys.swift */; };
		1F90105228C598DA00A5BDC9 /* Roboto-Regular.ttf in Resources */ = {isa = PBXBuildFile; fileRef = 1F90105128C597C200A5BDC9 /* Roboto-Regular.ttf */; };
		1F90105428C5992E00A5BDC9 /* Roboto-Medium.ttf in Resources */ = {isa = PBXBuildFile; fileRef = 1F90105328C5992E00A5BDC9 /* Roboto-Medium.ttf */; };
		1F90105628C5997900A5BDC9 /* Roboto-Bold.ttf in Resources */ = {isa = PBXBuildFile; fileRef = 1F90105528C5997900A5BDC9 /* Roboto-Bold.ttf */; };
		1F90105828C599DC00A5BDC9 /* UIColorExtension.swift in Sources */ = {isa = PBXBuildFile; fileRef = 1F90105728C599DC00A5BDC9 /* UIColorExtension.swift */; };
		1F90105C28C5ADE700A5BDC9 /* UIImageExtension.swift in Sources */ = {isa = PBXBuildFile; fileRef = 1F90105B28C5ADE700A5BDC9 /* UIImageExtension.swift */; };
		1F90105E28C5B2A300A5BDC9 /* Notifications.swift in Sources */ = {isa = PBXBuildFile; fileRef = 1F90105D28C5B2A300A5BDC9 /* Notifications.swift */; };
		1F95134128BFB92E00A77AB6 /* AppDelegate.swift in Sources */ = {isa = PBXBuildFile; fileRef = 1F95134028BFB92E00A77AB6 /* AppDelegate.swift */; };
		1F95134328BFB92E00A77AB6 /* SceneDelegate.swift in Sources */ = {isa = PBXBuildFile; fileRef = 1F95134228BFB92E00A77AB6 /* SceneDelegate.swift */; };
		1F95134828BFB92E00A77AB6 /* Main.storyboard in Resources */ = {isa = PBXBuildFile; fileRef = 1F95134628BFB92E00A77AB6 /* Main.storyboard */; };
		1F95134A28BFB92F00A77AB6 /* Assets.xcassets in Resources */ = {isa = PBXBuildFile; fileRef = 1F95134928BFB92F00A77AB6 /* Assets.xcassets */; };
		1F95134D28BFB92F00A77AB6 /* LaunchScreen.storyboard in Resources */ = {isa = PBXBuildFile; fileRef = 1F95134B28BFB92F00A77AB6 /* LaunchScreen.storyboard */; };
		1F95135828BFB9D300A77AB6 /* notes.txt in Resources */ = {isa = PBXBuildFile; fileRef = 1F95135728BFB9D300A77AB6 /* notes.txt */; };
		1F95135E28BFC4D300A77AB6 /* to-do.txt in Resources */ = {isa = PBXBuildFile; fileRef = 1F95135D28BFC4D300A77AB6 /* to-do.txt */; };
		1F95136128BFC64300A77AB6 /* CustomNavController.swift in Sources */ = {isa = PBXBuildFile; fileRef = 1F95136028BFC64300A77AB6 /* CustomNavController.swift */; };
		1F95136328BFC69200A77AB6 /* MainFeedViewController.swift in Sources */ = {isa = PBXBuildFile; fileRef = 1F95136228BFC69200A77AB6 /* MainFeedViewController.swift */; };
		1F95136628BFCB2800A77AB6 /* references.txt in Resources */ = {isa = PBXBuildFile; fileRef = 1F95136528BFCB2800A77AB6 /* references.txt */; };
		1FA4CE6228C282A00068DE4A /* misc.txt in Resources */ = {isa = PBXBuildFile; fileRef = 1FA4CE6128C282A00068DE4A /* misc.txt */; };
		1FA4CE6528C2865B0068DE4A /* Utils.swift in Sources */ = {isa = PBXBuildFile; fileRef = 1FA4CE6428C2865B0068DE4A /* Utils.swift */; };
		1FA4CE6828C286F40068DE4A /* MainFeed.swift in Sources */ = {isa = PBXBuildFile; fileRef = 1FA4CE6728C286F40068DE4A /* MainFeed.swift */; };
		1FA4CE6A28C2874E0068DE4A /* BaseViewController.swift in Sources */ = {isa = PBXBuildFile; fileRef = 1FA4CE6928C2874E0068DE4A /* BaseViewController.swift */; };
		1FA4CE6D28C2D39F0068DE4A /* UIDeviceExtension.swift in Sources */ = {isa = PBXBuildFile; fileRef = 1FA4CE6C28C2D39F0068DE4A /* UIDeviceExtension.swift */; };
		1FA4CE6F28C2D47F0068DE4A /* BundleExtension.swift in Sources */ = {isa = PBXBuildFile; fileRef = 1FA4CE6E28C2D47F0068DE4A /* BundleExtension.swift */; };
		1FA4CE7128C2D5460068DE4A /* UUID.swift in Sources */ = {isa = PBXBuildFile; fileRef = 1FA4CE7028C2D5460068DE4A /* UUID.swift */; };
		1FA4CE7328C2DDFD0068DE4A /* ErrorExtension.swift in Sources */ = {isa = PBXBuildFile; fileRef = 1FA4CE7228C2DDFD0068DE4A /* ErrorExtension.swift */; };
		1FA4CE7528C306590068DE4A /* UIViewExtension.swift in Sources */ = {isa = PBXBuildFile; fileRef = 1FA4CE7428C306590068DE4A /* UIViewExtension.swift */; };
		1FA4CE7728C3DAEE0068DE4A /* LoadingView.swift in Sources */ = {isa = PBXBuildFile; fileRef = 1FA4CE7628C3DAEE0068DE4A /* LoadingView.swift */; };
		1FA4CE7928C3DCFB0068DE4A /* SlidersPanel.swift in Sources */ = {isa = PBXBuildFile; fileRef = 1FA4CE7828C3DCFB0068DE4A /* SlidersPanel.swift */; };
		1FDEB1C828CB7E150029831E /* Layout.swift in Sources */ = {isa = PBXBuildFile; fileRef = 1FDEB1C728CB7E150029831E /* Layout.swift */; };
		1FDEB1CB28CB88730029831E /* StoryCell.swift in Sources */ = {isa = PBXBuildFile; fileRef = 1FDEB1CA28CB88730029831E /* StoryCell.swift */; };
		1FDEB1CE28CBC54F0029831E /* Merriweather-Bold.ttf in Resources */ = {isa = PBXBuildFile; fileRef = 1FDEB1CD28CBC54F0029831E /* Merriweather-Bold.ttf */; };
		1FEE16EB28C833BF0079BE54 /* NavBarView.swift in Sources */ = {isa = PBXBuildFile; fileRef = 1FEE16EA28C833BF0079BE54 /* NavBarView.swift */; };
		1FEE16ED28C83CED0079BE54 /* TopicSelectorView.swift in Sources */ = {isa = PBXBuildFile; fileRef = 1FEE16EC28C83CED0079BE54 /* TopicSelectorView.swift */; };
		1FF326C128CA71DA006FF2CE /* MainFeedTopic.swift in Sources */ = {isa = PBXBuildFile; fileRef = 1FF326C028CA71DA006FF2CE /* MainFeedTopic.swift */; };
		1FF326C328CA720E006FF2CE /* MainFeedArticle.swift in Sources */ = {isa = PBXBuildFile; fileRef = 1FF326C228CA720E006FF2CE /* MainFeedArticle.swift */; };
/* End PBXBuildFile section */

/* Begin PBXFileReference section */
		1F22E2E228C64BA4007F00D1 /* FloatingButton.swift */ = {isa = PBXFileReference; lastKnownFileType = sourcecode.swift; path = FloatingButton.swift; sourceTree = "<group>"; };
		1F22E2E428C6590F007F00D1 /* UILabelExtension.swift */ = {isa = PBXFileReference; lastKnownFileType = sourcecode.swift; path = UILabelExtension.swift; sourceTree = "<group>"; };
		1F22E2E628C65CF4007F00D1 /* DisplayMode.swift */ = {isa = PBXFileReference; lastKnownFileType = sourcecode.swift; path = DisplayMode.swift; sourceTree = "<group>"; };
		1F22E2E828C6E41A007F00D1 /* MenuViewController.swift */ = {isa = PBXFileReference; lastKnownFileType = sourcecode.swift; path = MenuViewController.swift; sourceTree = "<group>"; };
		1F22E2EA28C6E5E0007F00D1 /* UINavigationControllerExtension.swift */ = {isa = PBXFileReference; lastKnownFileType = sourcecode.swift; path = UINavigationControllerExtension.swift; sourceTree = "<group>"; };
		1F90104628C583D600A5BDC9 /* LocalKeys.swift */ = {isa = PBXFileReference; lastKnownFileType = sourcecode.swift; path = LocalKeys.swift; sourceTree = "<group>"; };
		1F90105128C597C200A5BDC9 /* Roboto-Regular.ttf */ = {isa = PBXFileReference; lastKnownFileType = file; path = "Roboto-Regular.ttf"; sourceTree = "<group>"; };
		1F90105328C5992E00A5BDC9 /* Roboto-Medium.ttf */ = {isa = PBXFileReference; lastKnownFileType = file; path = "Roboto-Medium.ttf"; sourceTree = "<group>"; };
		1F90105528C5997900A5BDC9 /* Roboto-Bold.ttf */ = {isa = PBXFileReference; lastKnownFileType = file; path = "Roboto-Bold.ttf"; sourceTree = "<group>"; };
		1F90105728C599DC00A5BDC9 /* UIColorExtension.swift */ = {isa = PBXFileReference; lastKnownFileType = sourcecode.swift; path = UIColorExtension.swift; sourceTree = "<group>"; };
		1F90105B28C5ADE700A5BDC9 /* UIImageExtension.swift */ = {isa = PBXFileReference; lastKnownFileType = sourcecode.swift; path = UIImageExtension.swift; sourceTree = "<group>"; };
		1F90105D28C5B2A300A5BDC9 /* Notifications.swift */ = {isa = PBXFileReference; lastKnownFileType = sourcecode.swift; path = Notifications.swift; sourceTree = "<group>"; };
		1F95133D28BFB92E00A77AB6 /* ImproveTheNews.app */ = {isa = PBXFileReference; explicitFileType = wrapper.application; includeInIndex = 0; path = ImproveTheNews.app; sourceTree = BUILT_PRODUCTS_DIR; };
		1F95134028BFB92E00A77AB6 /* AppDelegate.swift */ = {isa = PBXFileReference; lastKnownFileType = sourcecode.swift; path = AppDelegate.swift; sourceTree = "<group>"; };
		1F95134228BFB92E00A77AB6 /* SceneDelegate.swift */ = {isa = PBXFileReference; lastKnownFileType = sourcecode.swift; path = SceneDelegate.swift; sourceTree = "<group>"; };
		1F95134728BFB92E00A77AB6 /* Base */ = {isa = PBXFileReference; lastKnownFileType = file.storyboard; name = Base; path = Base.lproj/Main.storyboard; sourceTree = "<group>"; };
		1F95134928BFB92F00A77AB6 /* Assets.xcassets */ = {isa = PBXFileReference; lastKnownFileType = folder.assetcatalog; path = Assets.xcassets; sourceTree = "<group>"; };
		1F95134C28BFB92F00A77AB6 /* Base */ = {isa = PBXFileReference; lastKnownFileType = file.storyboard; name = Base; path = Base.lproj/LaunchScreen.storyboard; sourceTree = "<group>"; };
		1F95134E28BFB92F00A77AB6 /* Info.plist */ = {isa = PBXFileReference; lastKnownFileType = text.plist.xml; path = Info.plist; sourceTree = "<group>"; };
		1F95135728BFB9D300A77AB6 /* notes.txt */ = {isa = PBXFileReference; lastKnownFileType = text; path = notes.txt; sourceTree = "<group>"; };
		1F95135D28BFC4D300A77AB6 /* to-do.txt */ = {isa = PBXFileReference; lastKnownFileType = text; path = "to-do.txt"; sourceTree = "<group>"; };
		1F95136028BFC64300A77AB6 /* CustomNavController.swift */ = {isa = PBXFileReference; lastKnownFileType = sourcecode.swift; path = CustomNavController.swift; sourceTree = "<group>"; };
		1F95136228BFC69200A77AB6 /* MainFeedViewController.swift */ = {isa = PBXFileReference; lastKnownFileType = sourcecode.swift; path = MainFeedViewController.swift; sourceTree = "<group>"; };
		1F95136528BFCB2800A77AB6 /* references.txt */ = {isa = PBXFileReference; lastKnownFileType = text; path = references.txt; sourceTree = "<group>"; };
		1FA4CE6128C282A00068DE4A /* misc.txt */ = {isa = PBXFileReference; lastKnownFileType = text; path = misc.txt; sourceTree = "<group>"; };
		1FA4CE6428C2865B0068DE4A /* Utils.swift */ = {isa = PBXFileReference; lastKnownFileType = sourcecode.swift; path = Utils.swift; sourceTree = "<group>"; };
		1FA4CE6728C286F40068DE4A /* MainFeed.swift */ = {isa = PBXFileReference; lastKnownFileType = sourcecode.swift; path = MainFeed.swift; sourceTree = "<group>"; };
		1FA4CE6928C2874E0068DE4A /* BaseViewController.swift */ = {isa = PBXFileReference; lastKnownFileType = sourcecode.swift; path = BaseViewController.swift; sourceTree = "<group>"; };
		1FA4CE6C28C2D39F0068DE4A /* UIDeviceExtension.swift */ = {isa = PBXFileReference; fileEncoding = 4; lastKnownFileType = sourcecode.swift; path = UIDeviceExtension.swift; sourceTree = "<group>"; };
		1FA4CE6E28C2D47F0068DE4A /* BundleExtension.swift */ = {isa = PBXFileReference; lastKnownFileType = sourcecode.swift; path = BundleExtension.swift; sourceTree = "<group>"; };
		1FA4CE7028C2D5460068DE4A /* UUID.swift */ = {isa = PBXFileReference; lastKnownFileType = sourcecode.swift; path = UUID.swift; sourceTree = "<group>"; };
		1FA4CE7228C2DDFD0068DE4A /* ErrorExtension.swift */ = {isa = PBXFileReference; lastKnownFileType = sourcecode.swift; path = ErrorExtension.swift; sourceTree = "<group>"; };
		1FA4CE7428C306590068DE4A /* UIViewExtension.swift */ = {isa = PBXFileReference; lastKnownFileType = sourcecode.swift; path = UIViewExtension.swift; sourceTree = "<group>"; };
		1FA4CE7628C3DAEE0068DE4A /* LoadingView.swift */ = {isa = PBXFileReference; lastKnownFileType = sourcecode.swift; path = LoadingView.swift; sourceTree = "<group>"; };
		1FA4CE7828C3DCFB0068DE4A /* SlidersPanel.swift */ = {isa = PBXFileReference; lastKnownFileType = sourcecode.swift; path = SlidersPanel.swift; sourceTree = "<group>"; };
		1FDEB1C728CB7E150029831E /* Layout.swift */ = {isa = PBXFileReference; lastKnownFileType = sourcecode.swift; path = Layout.swift; sourceTree = "<group>"; };
		1FDEB1CA28CB88730029831E /* StoryCell.swift */ = {isa = PBXFileReference; lastKnownFileType = sourcecode.swift; path = StoryCell.swift; sourceTree = "<group>"; };
		1FDEB1CD28CBC54F0029831E /* Merriweather-Bold.ttf */ = {isa = PBXFileReference; lastKnownFileType = file; path = "Merriweather-Bold.ttf"; sourceTree = "<group>"; };
		1FEE16EA28C833BF0079BE54 /* NavBarView.swift */ = {isa = PBXFileReference; lastKnownFileType = sourcecode.swift; path = NavBarView.swift; sourceTree = "<group>"; };
		1FEE16EC28C83CED0079BE54 /* TopicSelectorView.swift */ = {isa = PBXFileReference; lastKnownFileType = sourcecode.swift; path = TopicSelectorView.swift; sourceTree = "<group>"; };
		1FF326C028CA71DA006FF2CE /* MainFeedTopic.swift */ = {isa = PBXFileReference; lastKnownFileType = sourcecode.swift; path = MainFeedTopic.swift; sourceTree = "<group>"; };
		1FF326C228CA720E006FF2CE /* MainFeedArticle.swift */ = {isa = PBXFileReference; lastKnownFileType = sourcecode.swift; path = MainFeedArticle.swift; sourceTree = "<group>"; };
/* End PBXFileReference section */

/* Begin PBXFrameworksBuildPhase section */
		1F95133A28BFB92E00A77AB6 /* Frameworks */ = {
			isa = PBXFrameworksBuildPhase;
			buildActionMask = 2147483647;
			files = (
			);
			runOnlyForDeploymentPostprocessing = 0;
		};
/* End PBXFrameworksBuildPhase section */

/* Begin PBXGroup section */
		1F90105028C5979F00A5BDC9 /* fonts */ = {
			isa = PBXGroup;
			children = (
				1FDEB1CC28CBC5260029831E /* Roboto */,
				1FDEB1CD28CBC54F0029831E /* Merriweather-Bold.ttf */,
			);
			path = fonts;
			sourceTree = "<group>";
		};
		1F95133428BFB92E00A77AB6 = {
			isa = PBXGroup;
			children = (
				1F95133F28BFB92E00A77AB6 /* ImproveTheNews */,
				1F95133E28BFB92E00A77AB6 /* Products */,
			);
			sourceTree = "<group>";
		};
		1F95133E28BFB92E00A77AB6 /* Products */ = {
			isa = PBXGroup;
			children = (
				1F95133D28BFB92E00A77AB6 /* ImproveTheNews.app */,
			);
			name = Products;
			sourceTree = "<group>";
		};
		1F95133F28BFB92E00A77AB6 /* ImproveTheNews */ = {
			isa = PBXGroup;
			children = (
				1F95135428BFB95000A77AB6 /* app */,
				1FA4CE6328C2864F0068DE4A /* misc */,
				1FA4CE6628C286C40068DE4A /* data */,
				1FA4CE6B28C2D3870068DE4A /* extensions */,
				1F95135F28BFC61A00A77AB6 /* components */,
				1F95135628BFB97C00A77AB6 /* viewControllers */,
				1F95135528BFB96F00A77AB6 /* resources */,
				1F95136428BFCB0700A77AB6 /* texts */,
			);
			path = ImproveTheNews;
			sourceTree = "<group>";
		};
		1F95135428BFB95000A77AB6 /* app */ = {
			isa = PBXGroup;
			children = (
				1F95134E28BFB92F00A77AB6 /* Info.plist */,
				1F95134028BFB92E00A77AB6 /* AppDelegate.swift */,
				1F95134228BFB92E00A77AB6 /* SceneDelegate.swift */,
			);
			path = app;
			sourceTree = "<group>";
		};
		1F95135528BFB96F00A77AB6 /* resources */ = {
			isa = PBXGroup;
			children = (
				1F90105028C5979F00A5BDC9 /* fonts */,
				1F95136D28BFDBF600A77AB6 /* navBar */,
				1F95134628BFB92E00A77AB6 /* Main.storyboard */,
				1F95134B28BFB92F00A77AB6 /* LaunchScreen.storyboard */,
				1F95134928BFB92F00A77AB6 /* Assets.xcassets */,
			);
			path = resources;
			sourceTree = "<group>";
		};
		1F95135628BFB97C00A77AB6 /* viewControllers */ = {
			isa = PBXGroup;
			children = (
				1FA4CE6928C2874E0068DE4A /* BaseViewController.swift */,
				1F22E2E828C6E41A007F00D1 /* MenuViewController.swift */,
				1FDEB1C928CB87FF0029831E /* MainFeedCells */,
				1F95136228BFC69200A77AB6 /* MainFeedViewController.swift */,
			);
			path = viewControllers;
			sourceTree = "<group>";
		};
		1F95135F28BFC61A00A77AB6 /* components */ = {
			isa = PBXGroup;
			children = (
				1F95136028BFC64300A77AB6 /* CustomNavController.swift */,
				1FA4CE7628C3DAEE0068DE4A /* LoadingView.swift */,
				1FA4CE7828C3DCFB0068DE4A /* SlidersPanel.swift */,
				1F22E2E228C64BA4007F00D1 /* FloatingButton.swift */,
				1FEE16EA28C833BF0079BE54 /* NavBarView.swift */,
				1FEE16EC28C83CED0079BE54 /* TopicSelectorView.swift */,
			);
			path = components;
			sourceTree = "<group>";
		};
		1F95136428BFCB0700A77AB6 /* texts */ = {
			isa = PBXGroup;
			children = (
				1F95136528BFCB2800A77AB6 /* references.txt */,
				1F95135D28BFC4D300A77AB6 /* to-do.txt */,
				1F95135728BFB9D300A77AB6 /* notes.txt */,
				1FA4CE6128C282A00068DE4A /* misc.txt */,
			);
			path = texts;
			sourceTree = "<group>";
		};
		1F95136D28BFDBF600A77AB6 /* navBar */ = {
			isa = PBXGroup;
			children = (
			);
			path = navBar;
			sourceTree = "<group>";
		};
		1FA4CE6328C2864F0068DE4A /* misc */ = {
			isa = PBXGroup;
			children = (
				1FA4CE6428C2865B0068DE4A /* Utils.swift */,
				1F90105D28C5B2A300A5BDC9 /* Notifications.swift */,
				1F22E2E628C65CF4007F00D1 /* DisplayMode.swift */,
				1FDEB1C728CB7E150029831E /* Layout.swift */,
			);
			path = misc;
			sourceTree = "<group>";
		};
		1FA4CE6628C286C40068DE4A /* data */ = {
			isa = PBXGroup;
			children = (
				1F90104628C583D600A5BDC9 /* LocalKeys.swift */,
				1FA4CE7028C2D5460068DE4A /* UUID.swift */,
				1FF326BF28CA71C2006FF2CE /* MainFeed */,
			);
			path = data;
			sourceTree = "<group>";
		};
		1FA4CE6B28C2D3870068DE4A /* extensions */ = {
			isa = PBXGroup;
			children = (
				1FA4CE6C28C2D39F0068DE4A /* UIDeviceExtension.swift */,
				1FA4CE6E28C2D47F0068DE4A /* BundleExtension.swift */,
				1FA4CE7228C2DDFD0068DE4A /* ErrorExtension.swift */,
				1FA4CE7428C306590068DE4A /* UIViewExtension.swift */,
				1F90105728C599DC00A5BDC9 /* UIColorExtension.swift */,
				1F90105B28C5ADE700A5BDC9 /* UIImageExtension.swift */,
				1F22E2E428C6590F007F00D1 /* UILabelExtension.swift */,
				1F22E2EA28C6E5E0007F00D1 /* UINavigationControllerExtension.swift */,
			);
			path = extensions;
			sourceTree = "<group>";
		};
		1FDEB1C928CB87FF0029831E /* MainFeedCells */ = {
			isa = PBXGroup;
			children = (
				1FDEB1CA28CB88730029831E /* StoryCell.swift */,
			);
			path = MainFeedCells;
			sourceTree = "<group>";
		};
		1FDEB1CC28CBC5260029831E /* Roboto */ = {
			isa = PBXGroup;
			children = (
				1F90105528C5997900A5BDC9 /* Roboto-Bold.ttf */,
				1F90105328C5992E00A5BDC9 /* Roboto-Medium.ttf */,
				1F90105128C597C200A5BDC9 /* Roboto-Regular.ttf */,
			);
			path = Roboto;
			sourceTree = "<group>";
		};
		1FF326BF28CA71C2006FF2CE /* MainFeed */ = {
			isa = PBXGroup;
			children = (
				1FA4CE6728C286F40068DE4A /* MainFeed.swift */,
				1FF326C028CA71DA006FF2CE /* MainFeedTopic.swift */,
				1FF326C228CA720E006FF2CE /* MainFeedArticle.swift */,
			);
			path = MainFeed;
			sourceTree = "<group>";
		};
/* End PBXGroup section */

/* Begin PBXNativeTarget section */
		1F95133C28BFB92E00A77AB6 /* ImproveTheNews */ = {
			isa = PBXNativeTarget;
			buildConfigurationList = 1F95135128BFB92F00A77AB6 /* Build configuration list for PBXNativeTarget "ImproveTheNews" */;
			buildPhases = (
				1F95133928BFB92E00A77AB6 /* Sources */,
				1F95133A28BFB92E00A77AB6 /* Frameworks */,
				1F95133B28BFB92E00A77AB6 /* Resources */,
			);
			buildRules = (
			);
			dependencies = (
			);
			name = ImproveTheNews;
			productName = ImproveTheNews;
			productReference = 1F95133D28BFB92E00A77AB6 /* ImproveTheNews.app */;
			productType = "com.apple.product-type.application";
		};
/* End PBXNativeTarget section */

/* Begin PBXProject section */
		1F95133528BFB92E00A77AB6 /* Project object */ = {
			isa = PBXProject;
			attributes = {
				BuildIndependentTargetsInParallel = 1;
				LastSwiftUpdateCheck = 1340;
				LastUpgradeCheck = 1340;
				TargetAttributes = {
					1F95133C28BFB92E00A77AB6 = {
						CreatedOnToolsVersion = 13.4.1;
					};
				};
			};
			buildConfigurationList = 1F95133828BFB92E00A77AB6 /* Build configuration list for PBXProject "ImproveTheNews" */;
			compatibilityVersion = "Xcode 13.0";
			developmentRegion = en;
			hasScannedForEncodings = 0;
			knownRegions = (
				en,
				Base,
			);
			mainGroup = 1F95133428BFB92E00A77AB6;
			productRefGroup = 1F95133E28BFB92E00A77AB6 /* Products */;
			projectDirPath = "";
			projectRoot = "";
			targets = (
				1F95133C28BFB92E00A77AB6 /* ImproveTheNews */,
			);
		};
/* End PBXProject section */

/* Begin PBXResourcesBuildPhase section */
		1F95133B28BFB92E00A77AB6 /* Resources */ = {
			isa = PBXResourcesBuildPhase;
			buildActionMask = 2147483647;
			files = (
				1F95135828BFB9D300A77AB6 /* notes.txt in Resources */,
				1F90105628C5997900A5BDC9 /* Roboto-Bold.ttf in Resources */,
				1F90105228C598DA00A5BDC9 /* Roboto-Regular.ttf in Resources */,
				1F95135E28BFC4D300A77AB6 /* to-do.txt in Resources */,
				1F95136628BFCB2800A77AB6 /* references.txt in Resources */,
				1F95134D28BFB92F00A77AB6 /* LaunchScreen.storyboard in Resources */,
				1FA4CE6228C282A00068DE4A /* misc.txt in Resources */,
				1F90105428C5992E00A5BDC9 /* Roboto-Medium.ttf in Resources */,
				1F95134A28BFB92F00A77AB6 /* Assets.xcassets in Resources */,
				1F95134828BFB92E00A77AB6 /* Main.storyboard in Resources */,
				1FDEB1CE28CBC54F0029831E /* Merriweather-Bold.ttf in Resources */,
			);
			runOnlyForDeploymentPostprocessing = 0;
		};
/* End PBXResourcesBuildPhase section */

/* Begin PBXSourcesBuildPhase section */
		1F95133928BFB92E00A77AB6 /* Sources */ = {
			isa = PBXSourcesBuildPhase;
			buildActionMask = 2147483647;
			files = (
				1F90105828C599DC00A5BDC9 /* UIColorExtension.swift in Sources */,
				1F22E2E728C65CF4007F00D1 /* DisplayMode.swift in Sources */,
				1FDEB1CB28CB88730029831E /* StoryCell.swift in Sources */,
				1F90105E28C5B2A300A5BDC9 /* Notifications.swift in Sources */,
				1F90104728C583D600A5BDC9 /* LocalKeys.swift in Sources */,
				1FF326C128CA71DA006FF2CE /* MainFeedTopic.swift in Sources */,
				1FEE16ED28C83CED0079BE54 /* TopicSelectorView.swift in Sources */,
				1F22E2E528C6590F007F00D1 /* UILabelExtension.swift in Sources */,
				1F95136128BFC64300A77AB6 /* CustomNavController.swift in Sources */,
				1F95134128BFB92E00A77AB6 /* AppDelegate.swift in Sources */,
				1FEE16EB28C833BF0079BE54 /* NavBarView.swift in Sources */,
				1F90105C28C5ADE700A5BDC9 /* UIImageExtension.swift in Sources */,
				1F22E2E328C64BA4007F00D1 /* FloatingButton.swift in Sources */,
				1FA4CE6D28C2D39F0068DE4A /* UIDeviceExtension.swift in Sources */,
				1F95134328BFB92E00A77AB6 /* SceneDelegate.swift in Sources */,
				1FA4CE7728C3DAEE0068DE4A /* LoadingView.swift in Sources */,
				1FA4CE7128C2D5460068DE4A /* UUID.swift in Sources */,
				1FA4CE6F28C2D47F0068DE4A /* BundleExtension.swift in Sources */,
				1FA4CE7928C3DCFB0068DE4A /* SlidersPanel.swift in Sources */,
				1FA4CE6828C286F40068DE4A /* MainFeed.swift in Sources */,
				1FA4CE6A28C2874E0068DE4A /* BaseViewController.swift in Sources */,
				1FA4CE7528C306590068DE4A /* UIViewExtension.swift in Sources */,
				1F95136328BFC69200A77AB6 /* MainFeedViewController.swift in Sources */,
				1FA4CE7328C2DDFD0068DE4A /* ErrorExtension.swift in Sources */,
				1FA4CE6528C2865B0068DE4A /* Utils.swift in Sources */,
				1F22E2E928C6E41A007F00D1 /* MenuViewController.swift in Sources */,
				1FDEB1C828CB7E150029831E /* Layout.swift in Sources */,
				1FF326C328CA720E006FF2CE /* MainFeedArticle.swift in Sources */,
				1F22E2EB28C6E5E0007F00D1 /* UINavigationControllerExtension.swift in Sources */,
			);
			runOnlyForDeploymentPostprocessing = 0;
		};
/* End PBXSourcesBuildPhase section */

/* Begin PBXVariantGroup section */
		1F95134628BFB92E00A77AB6 /* Main.storyboard */ = {
			isa = PBXVariantGroup;
			children = (
				1F95134728BFB92E00A77AB6 /* Base */,
			);
			name = Main.storyboard;
			sourceTree = "<group>";
		};
		1F95134B28BFB92F00A77AB6 /* LaunchScreen.storyboard */ = {
			isa = PBXVariantGroup;
			children = (
				1F95134C28BFB92F00A77AB6 /* Base */,
			);
			name = LaunchScreen.storyboard;
			sourceTree = "<group>";
		};
/* End PBXVariantGroup section */

/* Begin XCBuildConfiguration section */
		1F95134F28BFB92F00A77AB6 /* Debug */ = {
			isa = XCBuildConfiguration;
			buildSettings = {
				ALWAYS_SEARCH_USER_PATHS = NO;
				CLANG_ANALYZER_NONNULL = YES;
				CLANG_ANALYZER_NUMBER_OBJECT_CONVERSION = YES_AGGRESSIVE;
				CLANG_CXX_LANGUAGE_STANDARD = "gnu++17";
				CLANG_ENABLE_MODULES = YES;
				CLANG_ENABLE_OBJC_ARC = YES;
				CLANG_ENABLE_OBJC_WEAK = YES;
				CLANG_WARN_BLOCK_CAPTURE_AUTORELEASING = YES;
				CLANG_WARN_BOOL_CONVERSION = YES;
				CLANG_WARN_COMMA = YES;
				CLANG_WARN_CONSTANT_CONVERSION = YES;
				CLANG_WARN_DEPRECATED_OBJC_IMPLEMENTATIONS = YES;
				CLANG_WARN_DIRECT_OBJC_ISA_USAGE = YES_ERROR;
				CLANG_WARN_DOCUMENTATION_COMMENTS = YES;
				CLANG_WARN_EMPTY_BODY = YES;
				CLANG_WARN_ENUM_CONVERSION = YES;
				CLANG_WARN_INFINITE_RECURSION = YES;
				CLANG_WARN_INT_CONVERSION = YES;
				CLANG_WARN_NON_LITERAL_NULL_CONVERSION = YES;
				CLANG_WARN_OBJC_IMPLICIT_RETAIN_SELF = YES;
				CLANG_WARN_OBJC_LITERAL_CONVERSION = YES;
				CLANG_WARN_OBJC_ROOT_CLASS = YES_ERROR;
				CLANG_WARN_QUOTED_INCLUDE_IN_FRAMEWORK_HEADER = YES;
				CLANG_WARN_RANGE_LOOP_ANALYSIS = YES;
				CLANG_WARN_STRICT_PROTOTYPES = YES;
				CLANG_WARN_SUSPICIOUS_MOVE = YES;
				CLANG_WARN_UNGUARDED_AVAILABILITY = YES_AGGRESSIVE;
				CLANG_WARN_UNREACHABLE_CODE = YES;
				CLANG_WARN__DUPLICATE_METHOD_MATCH = YES;
				COPY_PHASE_STRIP = NO;
				DEBUG_INFORMATION_FORMAT = dwarf;
				ENABLE_STRICT_OBJC_MSGSEND = YES;
				ENABLE_TESTABILITY = YES;
				GCC_C_LANGUAGE_STANDARD = gnu11;
				GCC_DYNAMIC_NO_PIC = NO;
				GCC_NO_COMMON_BLOCKS = YES;
				GCC_OPTIMIZATION_LEVEL = 0;
				GCC_PREPROCESSOR_DEFINITIONS = (
					"DEBUG=1",
					"$(inherited)",
				);
				GCC_WARN_64_TO_32_BIT_CONVERSION = YES;
				GCC_WARN_ABOUT_RETURN_TYPE = YES_ERROR;
				GCC_WARN_UNDECLARED_SELECTOR = YES;
				GCC_WARN_UNINITIALIZED_AUTOS = YES_AGGRESSIVE;
				GCC_WARN_UNUSED_FUNCTION = YES;
				GCC_WARN_UNUSED_VARIABLE = YES;
				IPHONEOS_DEPLOYMENT_TARGET = 15.5;
				MTL_ENABLE_DEBUG_INFO = INCLUDE_SOURCE;
				MTL_FAST_MATH = YES;
				ONLY_ACTIVE_ARCH = YES;
				SDKROOT = iphoneos;
				SWIFT_ACTIVE_COMPILATION_CONDITIONS = DEBUG;
				SWIFT_OPTIMIZATION_LEVEL = "-Onone";
			};
			name = Debug;
		};
		1F95135028BFB92F00A77AB6 /* App Store */ = {
			isa = XCBuildConfiguration;
			buildSettings = {
				ALWAYS_SEARCH_USER_PATHS = NO;
				CLANG_ANALYZER_NONNULL = YES;
				CLANG_ANALYZER_NUMBER_OBJECT_CONVERSION = YES_AGGRESSIVE;
				CLANG_CXX_LANGUAGE_STANDARD = "gnu++17";
				CLANG_ENABLE_MODULES = YES;
				CLANG_ENABLE_OBJC_ARC = YES;
				CLANG_ENABLE_OBJC_WEAK = YES;
				CLANG_WARN_BLOCK_CAPTURE_AUTORELEASING = YES;
				CLANG_WARN_BOOL_CONVERSION = YES;
				CLANG_WARN_COMMA = YES;
				CLANG_WARN_CONSTANT_CONVERSION = YES;
				CLANG_WARN_DEPRECATED_OBJC_IMPLEMENTATIONS = YES;
				CLANG_WARN_DIRECT_OBJC_ISA_USAGE = YES_ERROR;
				CLANG_WARN_DOCUMENTATION_COMMENTS = YES;
				CLANG_WARN_EMPTY_BODY = YES;
				CLANG_WARN_ENUM_CONVERSION = YES;
				CLANG_WARN_INFINITE_RECURSION = YES;
				CLANG_WARN_INT_CONVERSION = YES;
				CLANG_WARN_NON_LITERAL_NULL_CONVERSION = YES;
				CLANG_WARN_OBJC_IMPLICIT_RETAIN_SELF = YES;
				CLANG_WARN_OBJC_LITERAL_CONVERSION = YES;
				CLANG_WARN_OBJC_ROOT_CLASS = YES_ERROR;
				CLANG_WARN_QUOTED_INCLUDE_IN_FRAMEWORK_HEADER = YES;
				CLANG_WARN_RANGE_LOOP_ANALYSIS = YES;
				CLANG_WARN_STRICT_PROTOTYPES = YES;
				CLANG_WARN_SUSPICIOUS_MOVE = YES;
				CLANG_WARN_UNGUARDED_AVAILABILITY = YES_AGGRESSIVE;
				CLANG_WARN_UNREACHABLE_CODE = YES;
				CLANG_WARN__DUPLICATE_METHOD_MATCH = YES;
				COPY_PHASE_STRIP = NO;
				DEBUG_INFORMATION_FORMAT = "dwarf-with-dsym";
				ENABLE_NS_ASSERTIONS = NO;
				ENABLE_STRICT_OBJC_MSGSEND = YES;
				GCC_C_LANGUAGE_STANDARD = gnu11;
				GCC_NO_COMMON_BLOCKS = YES;
				GCC_WARN_64_TO_32_BIT_CONVERSION = YES;
				GCC_WARN_ABOUT_RETURN_TYPE = YES_ERROR;
				GCC_WARN_UNDECLARED_SELECTOR = YES;
				GCC_WARN_UNINITIALIZED_AUTOS = YES_AGGRESSIVE;
				GCC_WARN_UNUSED_FUNCTION = YES;
				GCC_WARN_UNUSED_VARIABLE = YES;
				IPHONEOS_DEPLOYMENT_TARGET = 15.5;
				MTL_ENABLE_DEBUG_INFO = NO;
				MTL_FAST_MATH = YES;
				SDKROOT = iphoneos;
				SWIFT_COMPILATION_MODE = wholemodule;
				SWIFT_OPTIMIZATION_LEVEL = "-O";
				VALIDATE_PRODUCT = YES;
			};
			name = "App Store";
		};
		1F95135228BFB92F00A77AB6 /* Debug */ = {
			isa = XCBuildConfiguration;
			buildSettings = {
				API_BASE_URL = "https://www.improvemynews.com";
				ASSETCATALOG_COMPILER_APPICON_NAME = AppIcon;
				ASSETCATALOG_COMPILER_GLOBAL_ACCENT_COLOR_NAME = AccentColor;
				CODE_SIGN_STYLE = Automatic;
				CURRENT_PROJECT_VERSION = 1;
				DEVELOPMENT_TEAM = U7V2C7L759;
				GENERATE_INFOPLIST_FILE = YES;
				INFOPLIST_FILE = ImproveTheNews/app/Info.plist;
				INFOPLIST_KEY_CFBundleDisplayName = "ITN Debug";
				INFOPLIST_KEY_UIApplicationSupportsIndirectInputEvents = YES;
				INFOPLIST_KEY_UILaunchStoryboardName = LaunchScreen;
				INFOPLIST_KEY_UIMainStoryboardFile = Main;
				INFOPLIST_KEY_UIRequiresFullScreen = NO;
				INFOPLIST_KEY_UISupportedInterfaceOrientations_iPad = "UIInterfaceOrientationPortrait UIInterfaceOrientationPortraitUpsideDown UIInterfaceOrientationLandscapeLeft UIInterfaceOrientationLandscapeRight";
				INFOPLIST_KEY_UISupportedInterfaceOrientations_iPhone = "UIInterfaceOrientationPortrait UIInterfaceOrientationLandscapeLeft UIInterfaceOrientationLandscapeRight";
				LD_RUNPATH_SEARCH_PATHS = (
					"$(inherited)",
					"@executable_path/Frameworks",
				);
				MARKETING_VERSION = 2.0;
				PRODUCT_BUNDLE_IDENTIFIER = "com.ITNFoundation.ITN-beta";
				PRODUCT_NAME = "$(TARGET_NAME)";
				SWIFT_EMIT_LOC_STRINGS = YES;
				SWIFT_VERSION = 5.0;
				TARGETED_DEVICE_FAMILY = "1,2";
			};
			name = Debug;
		};
		1F95135328BFB92F00A77AB6 /* App Store */ = {
			isa = XCBuildConfiguration;
			buildSettings = {
				API_BASE_URL = "https://www.improvethenews.org";
				ASSETCATALOG_COMPILER_APPICON_NAME = AppIcon;
				ASSETCATALOG_COMPILER_GLOBAL_ACCENT_COLOR_NAME = AccentColor;
				CODE_SIGN_STYLE = Automatic;
				CURRENT_PROJECT_VERSION = 1;
				DEVELOPMENT_TEAM = U7V2C7L759;
				GENERATE_INFOPLIST_FILE = YES;
				INFOPLIST_FILE = ImproveTheNews/app/Info.plist;
				INFOPLIST_KEY_CFBundleDisplayName = ImproveTheNews;
				INFOPLIST_KEY_UIApplicationSupportsIndirectInputEvents = YES;
				INFOPLIST_KEY_UILaunchStoryboardName = LaunchScreen;
				INFOPLIST_KEY_UIMainStoryboardFile = Main;
				INFOPLIST_KEY_UIRequiresFullScreen = NO;
				INFOPLIST_KEY_UISupportedInterfaceOrientations_iPad = "UIInterfaceOrientationPortrait UIInterfaceOrientationPortraitUpsideDown UIInterfaceOrientationLandscapeLeft UIInterfaceOrientationLandscapeRight";
				INFOPLIST_KEY_UISupportedInterfaceOrientations_iPhone = "UIInterfaceOrientationPortrait UIInterfaceOrientationLandscapeLeft UIInterfaceOrientationLandscapeRight";
				LD_RUNPATH_SEARCH_PATHS = (
					"$(inherited)",
					"@executable_path/Frameworks",
				);
				MARKETING_VERSION = 2.0;
				PRODUCT_BUNDLE_IDENTIFIER = com.ITNFoundation.ITNaggregator;
				PRODUCT_NAME = "$(TARGET_NAME)";
				SWIFT_EMIT_LOC_STRINGS = YES;
				SWIFT_VERSION = 5.0;
				TARGETED_DEVICE_FAMILY = "1,2";
			};
			name = "App Store";
		};
		1F95135B28BFC2D900A77AB6 /* Beta */ = {
			isa = XCBuildConfiguration;
			buildSettings = {
				ALWAYS_SEARCH_USER_PATHS = NO;
				CLANG_ANALYZER_NONNULL = YES;
				CLANG_ANALYZER_NUMBER_OBJECT_CONVERSION = YES_AGGRESSIVE;
				CLANG_CXX_LANGUAGE_STANDARD = "gnu++17";
				CLANG_ENABLE_MODULES = YES;
				CLANG_ENABLE_OBJC_ARC = YES;
				CLANG_ENABLE_OBJC_WEAK = YES;
				CLANG_WARN_BLOCK_CAPTURE_AUTORELEASING = YES;
				CLANG_WARN_BOOL_CONVERSION = YES;
				CLANG_WARN_COMMA = YES;
				CLANG_WARN_CONSTANT_CONVERSION = YES;
				CLANG_WARN_DEPRECATED_OBJC_IMPLEMENTATIONS = YES;
				CLANG_WARN_DIRECT_OBJC_ISA_USAGE = YES_ERROR;
				CLANG_WARN_DOCUMENTATION_COMMENTS = YES;
				CLANG_WARN_EMPTY_BODY = YES;
				CLANG_WARN_ENUM_CONVERSION = YES;
				CLANG_WARN_INFINITE_RECURSION = YES;
				CLANG_WARN_INT_CONVERSION = YES;
				CLANG_WARN_NON_LITERAL_NULL_CONVERSION = YES;
				CLANG_WARN_OBJC_IMPLICIT_RETAIN_SELF = YES;
				CLANG_WARN_OBJC_LITERAL_CONVERSION = YES;
				CLANG_WARN_OBJC_ROOT_CLASS = YES_ERROR;
				CLANG_WARN_QUOTED_INCLUDE_IN_FRAMEWORK_HEADER = YES;
				CLANG_WARN_RANGE_LOOP_ANALYSIS = YES;
				CLANG_WARN_STRICT_PROTOTYPES = YES;
				CLANG_WARN_SUSPICIOUS_MOVE = YES;
				CLANG_WARN_UNGUARDED_AVAILABILITY = YES_AGGRESSIVE;
				CLANG_WARN_UNREACHABLE_CODE = YES;
				CLANG_WARN__DUPLICATE_METHOD_MATCH = YES;
				COPY_PHASE_STRIP = NO;
				DEBUG_INFORMATION_FORMAT = "dwarf-with-dsym";
				ENABLE_NS_ASSERTIONS = NO;
				ENABLE_STRICT_OBJC_MSGSEND = YES;
				GCC_C_LANGUAGE_STANDARD = gnu11;
				GCC_NO_COMMON_BLOCKS = YES;
				GCC_WARN_64_TO_32_BIT_CONVERSION = YES;
				GCC_WARN_ABOUT_RETURN_TYPE = YES_ERROR;
				GCC_WARN_UNDECLARED_SELECTOR = YES;
				GCC_WARN_UNINITIALIZED_AUTOS = YES_AGGRESSIVE;
				GCC_WARN_UNUSED_FUNCTION = YES;
				GCC_WARN_UNUSED_VARIABLE = YES;
				IPHONEOS_DEPLOYMENT_TARGET = 15.5;
				MTL_ENABLE_DEBUG_INFO = NO;
				MTL_FAST_MATH = YES;
				SDKROOT = iphoneos;
				SWIFT_COMPILATION_MODE = wholemodule;
				SWIFT_OPTIMIZATION_LEVEL = "-O";
				VALIDATE_PRODUCT = YES;
			};
			name = Beta;
		};
		1F95135C28BFC2D900A77AB6 /* Beta */ = {
			isa = XCBuildConfiguration;
			buildSettings = {
				API_BASE_URL = "https://www.improvemynews.com";
				ASSETCATALOG_COMPILER_APPICON_NAME = AppIcon;
				ASSETCATALOG_COMPILER_GLOBAL_ACCENT_COLOR_NAME = AccentColor;
				CODE_SIGN_STYLE = Automatic;
				CURRENT_PROJECT_VERSION = 1;
				DEVELOPMENT_TEAM = U7V2C7L759;
				GENERATE_INFOPLIST_FILE = YES;
				INFOPLIST_FILE = ImproveTheNews/app/Info.plist;
				INFOPLIST_KEY_CFBundleDisplayName = "ITN Beta";
				INFOPLIST_KEY_UIApplicationSupportsIndirectInputEvents = YES;
				INFOPLIST_KEY_UILaunchStoryboardName = LaunchScreen;
				INFOPLIST_KEY_UIMainStoryboardFile = Main;
				INFOPLIST_KEY_UIRequiresFullScreen = NO;
				INFOPLIST_KEY_UISupportedInterfaceOrientations_iPad = "UIInterfaceOrientationPortrait UIInterfaceOrientationPortraitUpsideDown UIInterfaceOrientationLandscapeLeft UIInterfaceOrientationLandscapeRight";
				INFOPLIST_KEY_UISupportedInterfaceOrientations_iPhone = "UIInterfaceOrientationPortrait UIInterfaceOrientationLandscapeLeft UIInterfaceOrientationLandscapeRight";
				LD_RUNPATH_SEARCH_PATHS = (
					"$(inherited)",
					"@executable_path/Frameworks",
				);
				MARKETING_VERSION = 2.0;
				PRODUCT_BUNDLE_IDENTIFIER = "com.ITNFoundation.ITN-beta";
				PRODUCT_NAME = "$(TARGET_NAME)";
				SWIFT_EMIT_LOC_STRINGS = YES;
				SWIFT_VERSION = 5.0;
				TARGETED_DEVICE_FAMILY = "1,2";
			};
			name = Beta;
		};
/* End XCBuildConfiguration section */

/* Begin XCConfigurationList section */
		1F95133828BFB92E00A77AB6 /* Build configuration list for PBXProject "ImproveTheNews" */ = {
			isa = XCConfigurationList;
			buildConfigurations = (
				1F95134F28BFB92F00A77AB6 /* Debug */,
				1F95135028BFB92F00A77AB6 /* App Store */,
				1F95135B28BFC2D900A77AB6 /* Beta */,
			);
			defaultConfigurationIsVisible = 0;
			defaultConfigurationName = "App Store";
		};
		1F95135128BFB92F00A77AB6 /* Build configuration list for PBXNativeTarget "ImproveTheNews" */ = {
			isa = XCConfigurationList;
			buildConfigurations = (
				1F95135228BFB92F00A77AB6 /* Debug */,
				1F95135328BFB92F00A77AB6 /* App Store */,
				1F95135C28BFC2D900A77AB6 /* Beta */,
			);
			defaultConfigurationIsVisible = 0;
			defaultConfigurationName = "App Store";
		};
/* End XCConfigurationList section */
	};
	rootObject = 1F95133528BFB92E00A77AB6 /* Project object */;
}
